{
  "version": 4,
  "terraform_version": "1.5.7",
  "serial": 61,
  "lineage": "7dd5f453-ca7a-4a94-efcb-22eee6b6bac5",
  "outputs": {
    "alb_dns_name": {
      "value": "three-tier-app-alb-1961649167.us-east-1.elb.amazonaws.com",
      "type": "string"
    },
    "autoscaling_group_name": {
      "value": "three-tier-app-asg",
      "type": "string"
    },
    "rds_endpoint": {
      "value": "three-tier-app-db.c2pkuq4yohe2.us-east-1.rds.amazonaws.com:3306",
      "type": "string",
      "sensitive": true
    },
    "vpc_id": {
      "value": "vpc-020a4c7bd878fedfd",
      "type": "string"
    }
  },
  "resources": [
    {
      "mode": "data",
      "type": "aws_ami",
      "name": "amazon_linux_2023",
      "provider": "provider[\"registry.terraform.io/hashicorp/aws\"]",
      "instances": [
        {
          "schema_version": 0,
          "attributes": {
            "architecture": "x86_64",
            "arn": "arn:aws:ec2:us-east-1::image/ami-02f058bc6b3ee6fcc",
            "block_device_mappings": [
              {
                "device_name": "/dev/xvda",
                "ebs": {
                  "delete_on_termination": "true",
                  "encrypted": "false",
                  "iops": "3000",
                  "snapshot_id": "snap-051911e187d1816a2",
                  "throughput": "125",
                  "volume_initialization_rate": "0",
                  "volume_size": "30",
                  "volume_type": "gp3"
                },
                "no_device": "",
                "virtual_name": ""
              }
            ],
            "boot_mode": "uefi-preferred",
            "creation_date": "2026-02-11T14:23:54.000Z",
            "deprecation_time": "2028-02-11T14:23:54.000Z",
            "description": "Amazon Linux AMI 2023.0.20260210 x86_64 ECS HVM EBS",
            "ena_support": true,
            "executable_users": null,
            "filter": [
              {
                "name": "name",
                "values": [
                  "al2023-ami-*-x86_64"
                ]
              },
              {
                "name": "virtualization-type",
                "values": [
                  "hvm"
                ]
              }
            ],
            "hypervisor": "xen",
            "id": "ami-02f058bc6b3ee6fcc",
            "image_id": "ami-02f058bc6b3ee6fcc",
            "image_location": "amazon/al2023-ami-ecs-hvm-2023.0.20260210-kernel-6.1-x86_64",
            "image_owner_alias": "amazon",
            "image_type": "machine",
            "imds_support": "v2.0",
            "include_deprecated": false,
            "kernel_id": "",
            "last_launched_time": "",
            "most_recent": true,
            "name": "al2023-ami-ecs-hvm-2023.0.20260210-kernel-6.1-x86_64",
            "name_regex": null,
            "owner_id": "591542846629",
            "owners": [
              "amazon"
            ],
            "platform": "",
            "platform_details": "Linux/UNIX",
            "product_codes": [],
            "public": true,
            "ramdisk_id": "",
            "root_device_name": "/dev/xvda",
            "root_device_type": "ebs",
            "root_snapshot_id": "snap-051911e187d1816a2",
            "sriov_net_support": "simple",
            "state": "available",
            "state_reason": {
              "code": "UNSET",
              "message": "UNSET"
            },
            "tags": {},
            "timeouts": null,
            "tpm_support": "",
            "uefi_data": null,
            "usage_operation": "RunInstances",
            "virtualization_type": "hvm"
          },
          "sensitive_attributes": []
        }
      ]
    },
    {
      "module": "module.alb",
      "mode": "managed",
      "type": "aws_lb",
      "name": "main",
      "provider": "provider[\"registry.terraform.io/hashicorp/aws\"]",
      "instances": [
        {
          "schema_version": 0,
          "attributes": {
            "access_logs": [
              {
                "bucket": "",
                "enabled": false,
                "prefix": ""
              }
            ],
            "arn": "arn:aws:elasticloadbalancing:us-east-1:989625238085:loadbalancer/app/three-tier-app-alb/84899d880a7909ca",
            "arn_suffix": "app/three-tier-app-alb/84899d880a7909ca",
            "client_keep_alive": 3600,
            "connection_logs": [
              {
                "bucket": "",
                "enabled": false,
                "prefix": ""
              }
            ],
            "customer_owned_ipv4_pool": "",
            "desync_mitigation_mode": "defensive",
            "dns_name": "three-tier-app-alb-1961649167.us-east-1.elb.amazonaws.com",
            "dns_record_client_routing_policy": null,
            "drop_invalid_header_fields": false,
            "enable_cross_zone_load_balancing": true,
            "enable_deletion_protection": false,
            "enable_http2": true,
            "enable_tls_version_and_cipher_suite_headers": false,
            "enable_waf_fail_open": false,
            "enable_xff_client_port": false,
            "enable_zonal_shift": false,
            "enforce_security_group_inbound_rules_on_private_link_traffic": "",
            "id": "arn:aws:elasticloadbalancing:us-east-1:989625238085:loadbalancer/app/three-tier-app-alb/84899d880a7909ca",
            "idle_timeout": 60,
            "internal": false,
            "ip_address_type": "ipv4",
            "ipam_pools": [],
            "load_balancer_type": "application",
            "minimum_load_balancer_capacity": [],
            "name": "three-tier-app-alb",
            "name_prefix": "",
            "preserve_host_header": false,
            "security_groups": [
              "sg-0f92e62d8be9c4fcf"
            ],
            "subnet_mapping": [
              {
                "allocation_id": "",
                "ipv6_address": "",
                "outpost_id": "",
                "private_ipv4_address": "",
                "subnet_id": "subnet-07c3af5afe75e5fcb"
              },
              {
                "allocation_id": "",
                "ipv6_address": "",
                "outpost_id": "",
                "private_ipv4_address": "",
                "subnet_id": "subnet-0b63e65bf6e3e0b91"
              },
              {
                "allocation_id": "",
                "ipv6_address": "",
                "outpost_id": "",
                "private_ipv4_address": "",
                "subnet_id": "subnet-0c9916da3918383ab"
              }
            ],
            "subnets": [
              "subnet-07c3af5afe75e5fcb",
              "subnet-0b63e65bf6e3e0b91",
              "subnet-0c9916da3918383ab"
            ],
            "tags": {
              "Name": "three-tier-app-alb"
            },
            "tags_all": {
              "Environment": "production",
              "ManagedBy": "Terraform",
              "Name": "three-tier-app-alb",
              "Project": "3tier-webapp"
            },
            "timeouts": null,
            "vpc_id": "vpc-020a4c7bd878fedfd",
            "xff_header_processing_mode": "append",
            "zone_id": "Z35SXDOTRQ7X7K"
          },
          "sensitive_attributes": [],
          "private": "eyJlMmJmYjczMC1lY2FhLTExZTYtOGY4OC0zNDM2M2JjN2M0YzAiOnsiY3JlYXRlIjo2MDAwMDAwMDAwMDAsImRlbGV0ZSI6NjAwMDAwMDAwMDAwLCJ1cGRhdGUiOjYwMDAwMDAwMDAwMH19",
          "dependencies": [
            "module.security_groups.aws_security_group.alb",
            "module.vpc.aws_subnet.public",
            "module.vpc.aws_vpc.main"
          ]
        }
      ]
    },
    {
      "module": "module.alb",
      "mode": "managed",
      "type": "aws_lb_listener",
      "name": "http",
      "provider": "provider[\"registry.terraform.io/hashicorp/aws\"]",
      "instances": [
        {
          "schema_version": 0,
          "attributes": {
            "alpn_policy": null,
            "arn": "arn:aws:elasticloadbalancing:us-east-1:989625238085:listener/app/three-tier-app-alb/84899d880a7909ca/59771da8e3108075",
            "certificate_arn": null,
            "default_action": [
              {
                "authenticate_cognito": [],
                "authenticate_oidc": [],
                "fixed_response": [],
                "forward": [],
                "order": 1,
                "redirect": [],
                "target_group_arn": "arn:aws:elasticloadbalancing:us-east-1:989625238085:targetgroup/three-tier-app-tg/e44ce8eb4015f648",
                "type": "forward"
              }
            ],
            "id": "arn:aws:elasticloadbalancing:us-east-1:989625238085:listener/app/three-tier-app-alb/84899d880a7909ca/59771da8e3108075",
            "load_balancer_arn": "arn:aws:elasticloadbalancing:us-east-1:989625238085:loadbalancer/app/three-tier-app-alb/84899d880a7909ca",
            "mutual_authentication": [],
            "port": 80,
            "protocol": "HTTP",
            "routing_http_request_x_amzn_mtls_clientcert_header_name": null,
            "routing_http_request_x_amzn_mtls_clientcert_issuer_header_name": null,
            "routing_http_request_x_amzn_mtls_clientcert_leaf_header_name": null,
            "routing_http_request_x_amzn_mtls_clientcert_serial_number_header_name": null,
            "routing_http_request_x_amzn_mtls_clientcert_subject_header_name": null,
            "routing_http_request_x_amzn_mtls_clientcert_validity_header_name": null,
            "routing_http_request_x_amzn_tls_cipher_suite_header_name": null,
            "routing_http_request_x_amzn_tls_version_header_name": null,
            "routing_http_response_access_control_allow_credentials_header_value": "",
            "routing_http_response_access_control_allow_headers_header_value": "",
            "routing_http_response_access_control_allow_methods_header_value": "",
            "routing_http_response_access_control_allow_origin_header_value": "",
            "routing_http_response_access_control_expose_headers_header_value": "",
            "routing_http_response_access_control_max_age_header_value": "",
            "routing_http_response_content_security_policy_header_value": "",
            "routing_http_response_server_enabled": true,
            "routing_http_response_strict_transport_security_header_value": "",
            "routing_http_response_x_content_type_options_header_value": "",
            "routing_http_response_x_frame_options_header_value": "",
            "ssl_policy": "",
            "tags": {},
            "tags_all": {
              "Environment": "production",
              "ManagedBy": "Terraform",
              "Project": "3tier-webapp"
            },
            "tcp_idle_timeout_seconds": null,
            "timeouts": null
          },
          "sensitive_attributes": [],
          "private": "eyJlMmJmYjczMC1lY2FhLTExZTYtOGY4OC0zNDM2M2JjN2M0YzAiOnsiY3JlYXRlIjozMDAwMDAwMDAwMDAsInVwZGF0ZSI6MzAwMDAwMDAwMDAwfX0=",
          "dependencies": [
            "module.alb.aws_lb.main",
            "module.alb.aws_lb_target_group.main",
            "module.security_groups.aws_security_group.alb",
            "module.vpc.aws_subnet.public",
            "module.vpc.aws_vpc.main"
          ]
        }
      ]
    },
    {
      "module": "module.alb",
      "mode": "managed",
      "type": "aws_lb_target_group",
      "name": "main",
      "provider": "provider[\"registry.terraform.io/hashicorp/aws\"]",
      "instances": [
        {
          "schema_version": 0,
          "attributes": {
            "arn": "arn:aws:elasticloadbalancing:us-east-1:989625238085:targetgroup/three-tier-app-tg/e44ce8eb4015f648",
            "arn_suffix": "targetgroup/three-tier-app-tg/e44ce8eb4015f648",
            "connection_termination": null,
            "deregistration_delay": "30",
            "health_check": [
              {
                "enabled": true,
                "healthy_threshold": 2,
                "interval": 30,
                "matcher": "200",
                "path": "/",
                "port": "traffic-port",
                "protocol": "HTTP",
                "timeout": 5,
                "unhealthy_threshold": 2
              }
            ],
            "id": "arn:aws:elasticloadbalancing:us-east-1:989625238085:targetgroup/three-tier-app-tg/e44ce8eb4015f648",
            "ip_address_type": "ipv4",
            "lambda_multi_value_headers_enabled": false,
            "load_balancer_arns": [
              "arn:aws:elasticloadbalancing:us-east-1:989625238085:loadbalancer/app/three-tier-app-alb/84899d880a7909ca"
            ],
            "load_balancing_algorithm_type": "round_robin",
            "load_balancing_anomaly_mitigation": "off",
            "load_balancing_cross_zone_enabled": "use_load_balancer_configuration",
            "name": "three-tier-app-tg",
            "name_prefix": "",
            "port": 80,
            "preserve_client_ip": null,
            "protocol": "HTTP",
            "protocol_version": "HTTP1",
            "proxy_protocol_v2": false,
            "slow_start": 0,
            "stickiness": [
              {
                "cookie_duration": 86400,
                "cookie_name": "",
                "enabled": false,
                "type": "lb_cookie"
              }
            ],
            "tags": {
              "Name": "three-tier-app-tg"
            },
            "tags_all": {
              "Environment": "production",
              "ManagedBy": "Terraform",
              "Name": "three-tier-app-tg",
              "Project": "3tier-webapp"
            },
            "target_failover": [
              {
                "on_deregistration": null,
                "on_unhealthy": null
              }
            ],
            "target_group_health": [
              {
                "dns_failover": [
                  {
                    "minimum_healthy_targets_count": "1",
                    "minimum_healthy_targets_percentage": "off"
                  }
                ],
                "unhealthy_state_routing": [
                  {
                    "minimum_healthy_targets_count": 1,
                    "minimum_healthy_targets_percentage": "off"
                  }
                ]
              }
            ],
            "target_health_state": [
              {
                "enable_unhealthy_connection_termination": null,
                "unhealthy_draining_interval": null
              }
            ],
            "target_type": "instance",
            "vpc_id": "vpc-020a4c7bd878fedfd"
          },
          "sensitive_attributes": [],
          "private": "bnVsbA==",
          "dependencies": [
            "module.vpc.aws_vpc.main"
          ]
        }
      ]
    },
    {
      "module": "module.ec2",
      "mode": "managed",
      "type": "aws_autoscaling_group",
      "name": "main",
      "provider": "provider[\"registry.terraform.io/hashicorp/aws\"]",
      "instances": [
        {
          "schema_version": 1,
          "attributes": {
            "arn": "arn:aws:autoscaling:us-east-1:989625238085:autoScalingGroup:6d0e3a8d-83d1-4f1f-89a4-7a484236bcb1:autoScalingGroupName/three-tier-app-asg",
            "availability_zone_distribution": [
              {
                "capacity_distribution_strategy": "balanced-best-effort"
              }
            ],
            "availability_zones": [
              "us-east-1a",
              "us-east-1b",
              "us-east-1c"
            ],
            "capacity_rebalance": false,
            "capacity_reservation_specification": [
              {
                "capacity_reservation_preference": "default",
                "capacity_reservation_target": []
              }
            ],
            "context": "",
            "default_cooldown": 300,
            "default_instance_warmup": 0,
            "desired_capacity": 2,
            "desired_capacity_type": "",
            "enabled_metrics": [],
            "force_delete": false,
            "force_delete_warm_pool": false,
            "health_check_grace_period": 300,
            "health_check_type": "ELB",
            "id": "three-tier-app-asg",
            "ignore_failed_scaling_activities": false,
            "initial_lifecycle_hook": [],
            "instance_maintenance_policy": [],
            "instance_refresh": [
              {
                "preferences": [
                  {
                    "alarm_specification": [],
                    "auto_rollback": false,
                    "checkpoint_delay": "",
                    "checkpoint_percentages": [],
                    "instance_warmup": "",
                    "max_healthy_percentage": 100,
                    "min_healthy_percentage": 50,
                    "scale_in_protected_instances": "Ignore",
                    "skip_matching": false,
                    "standby_instances": "Ignore"
                  }
                ],
                "strategy": "Rolling",
                "triggers": []
              }
            ],
            "launch_configuration": "",
            "launch_template": [
              {
                "id": "lt-0d98a966ff4eb773b",
                "name": "three-tier-app-lt-2026021819122670140000000e",
                "version": "$Latest"
              }
            ],
            "load_balancers": [],
            "max_instance_lifetime": 0,
            "max_size": 6,
            "metrics_granularity": "1Minute",
            "min_elb_capacity": null,
            "min_size": 2,
            "mixed_instances_policy": [],
            "name": "three-tier-app-asg",
            "name_prefix": "",
            "placement_group": "",
            "predicted_capacity": 0,
            "protect_from_scale_in": false,
            "service_linked_role_arn": "arn:aws:iam::989625238085:role/aws-service-role/autoscaling.amazonaws.com/AWSServiceRoleForAutoScaling",
            "suspended_processes": [],
            "tag": [
              {
                "key": "Environment",
                "propagate_at_launch": true,
                "value": "production"
              },
              {
                "key": "Name",
                "propagate_at_launch": true,
                "value": "three-tier-app-asg-instance"
              }
            ],
            "target_group_arns": [
              "arn:aws:elasticloadbalancing:us-east-1:989625238085:targetgroup/three-tier-app-tg/e44ce8eb4015f648"
            ],
            "termination_policies": [],
            "timeouts": null,
            "traffic_source": [
              {
                "identifier": "arn:aws:elasticloadbalancing:us-east-1:989625238085:targetgroup/three-tier-app-tg/e44ce8eb4015f648",
                "type": "elbv2"
              }
            ],
            "vpc_zone_identifier": [
              "subnet-044be30ede00a3c85",
              "subnet-069377ec6235ea6e4",
              "subnet-06a3b221fde4c8cb7"
            ],
            "wait_for_capacity_timeout": "10m",
            "wait_for_elb_capacity": null,
            "warm_pool": [],
            "warm_pool_size": 0
          },
          "sensitive_attributes": [],
          "private": "eyJlMmJmYjczMC1lY2FhLTExZTYtOGY4OC0zNDM2M2JjN2M0YzAiOnsiZGVsZXRlIjo2MDAwMDAwMDAwMDAsInVwZGF0ZSI6NjAwMDAwMDAwMDAwfSwic2NoZW1hX3ZlcnNpb24iOiIxIn0=",
          "dependencies": [
            "data.aws_ami.amazon_linux_2023",
            "module.alb.aws_lb_target_group.main",
            "module.ec2.aws_iam_instance_profile.ec2_profile",
            "module.ec2.aws_iam_role.ec2_role",
            "module.ec2.aws_launch_template.main",
            "module.rds.aws_db_instance.main",
            "module.rds.aws_db_subnet_group.main",
            "module.security_groups.aws_security_group.alb",
            "module.security_groups.aws_security_group.ec2",
            "module.security_groups.aws_security_group.rds",
            "module.vpc.aws_subnet.private_app",
            "module.vpc.aws_subnet.private_db",
            "module.vpc.aws_vpc.main"
          ]
        }
      ]
    },
    {
      "module": "module.ec2",
      "mode": "managed",
      "type": "aws_autoscaling_policy",
      "name": "scale_down",
      "provider": "provider[\"registry.terraform.io/hashicorp/aws\"]",
      "instances": [
        {
          "schema_version": 0,
          "attributes": {
            "adjustment_type": "ChangeInCapacity",
            "arn": "arn:aws:autoscaling:us-east-1:989625238085:scalingPolicy:50dd96e6-69a4-49ec-b7f5-648328127649:autoScalingGroupName/three-tier-app-asg:policyName/three-tier-app-scale-down",
            "autoscaling_group_name": "three-tier-app-asg",
            "cooldown": 300,
            "enabled": true,
            "estimated_instance_warmup": 0,
            "id": "three-tier-app-scale-down",
            "metric_aggregation_type": "",
            "min_adjustment_magnitude": 0,
            "name": "three-tier-app-scale-down",
            "policy_type": "SimpleScaling",
            "predictive_scaling_configuration": [],
            "scaling_adjustment": -1,
            "step_adjustment": [],
            "target_tracking_configuration": []
          },
          "sensitive_attributes": [],
          "private": "bnVsbA==",
          "dependencies": [
            "data.aws_ami.amazon_linux_2023",
            "module.alb.aws_lb_target_group.main",
            "module.ec2.aws_autoscaling_group.main",
            "module.ec2.aws_iam_instance_profile.ec2_profile",
            "module.ec2.aws_iam_role.ec2_role",
            "module.ec2.aws_launch_template.main",
            "module.rds.aws_db_instance.main",
            "module.rds.aws_db_subnet_group.main",
            "module.security_groups.aws_security_group.alb",
            "module.security_groups.aws_security_group.ec2",
            "module.security_groups.aws_security_group.rds",
            "module.vpc.aws_subnet.private_app",
            "module.vpc.aws_subnet.private_db",
            "module.vpc.aws_vpc.main"
          ]
        }
      ]
    },
    {
      "module": "module.ec2",
      "mode": "managed",
      "type": "aws_autoscaling_policy",
      "name": "scale_up",
      "provider": "provider[\"registry.terraform.io/hashicorp/aws\"]",
      "instances": [
        {
          "schema_version": 0,
          "attributes": {
            "adjustment_type": "ChangeInCapacity",
            "arn": "arn:aws:autoscaling:us-east-1:989625238085:scalingPolicy:b5b481be-e668-4748-bc8c-86f4734ab938:autoScalingGroupName/three-tier-app-asg:policyName/three-tier-app-scale-up",
            "autoscaling_group_name": "three-tier-app-asg",
            "cooldown": 300,
            "enabled": true,
            "estimated_instance_warmup": 0,
            "id": "three-tier-app-scale-up",
            "metric_aggregation_type": "",
            "min_adjustment_magnitude": 0,
            "name": "three-tier-app-scale-up",
            "policy_type": "SimpleScaling",
            "predictive_scaling_configuration": [],
            "scaling_adjustment": 1,
            "step_adjustment": [],
            "target_tracking_configuration": []
          },
          "sensitive_attributes": [],
          "private": "bnVsbA==",
          "dependencies": [
            "data.aws_ami.amazon_linux_2023",
            "module.alb.aws_lb_target_group.main",
            "module.ec2.aws_autoscaling_group.main",
            "module.ec2.aws_iam_instance_profile.ec2_profile",
            "module.ec2.aws_iam_role.ec2_role",
            "module.ec2.aws_launch_template.main",
            "module.rds.aws_db_instance.main",
            "module.rds.aws_db_subnet_group.main",
            "module.security_groups.aws_security_group.alb",
            "module.security_groups.aws_security_group.ec2",
            "module.security_groups.aws_security_group.rds",
            "module.vpc.aws_subnet.private_app",
            "module.vpc.aws_subnet.private_db",
            "module.vpc.aws_vpc.main"
          ]
        }
      ]
    },
    {
      "module": "module.ec2",
      "mode": "managed",
      "type": "aws_cloudwatch_metric_alarm",
      "name": "high_cpu",
      "provider": "provider[\"registry.terraform.io/hashicorp/aws\"]",
      "instances": [
        {
          "schema_version": 1,
          "attributes": {
            "actions_enabled": true,
            "alarm_actions": [
              "arn:aws:autoscaling:us-east-1:989625238085:scalingPolicy:b5b481be-e668-4748-bc8c-86f4734ab938:autoScalingGroupName/three-tier-app-asg:policyName/three-tier-app-scale-up"
            ],
            "alarm_description": "This metric monitors EC2 CPU utilization",
            "alarm_name": "three-tier-app-high-cpu",
            "arn": "arn:aws:cloudwatch:us-east-1:989625238085:alarm:three-tier-app-high-cpu",
            "comparison_operator": "GreaterThanOrEqualToThreshold",
            "datapoints_to_alarm": 0,
            "dimensions": {
              "AutoScalingGroupName": "three-tier-app-asg"
            },
            "evaluate_low_sample_count_percentiles": "",
            "evaluation_periods": 2,
            "extended_statistic": "",
            "id": "three-tier-app-high-cpu",
            "insufficient_data_actions": [],
            "metric_name": "CPUUtilization",
            "metric_query": [],
            "namespace": "AWS/EC2",
            "ok_actions": [],
            "period": 120,
            "statistic": "Average",
            "tags": {},
            "tags_all": {
              "Environment": "production",
              "ManagedBy": "Terraform",
              "Project": "3tier-webapp"
            },
            "threshold": 70,
            "threshold_metric_id": "",
            "treat_missing_data": "missing",
            "unit": ""
          },
          "sensitive_attributes": [],
          "private": "eyJzY2hlbWFfdmVyc2lvbiI6IjEifQ==",
          "dependencies": [
            "data.aws_ami.amazon_linux_2023",
            "module.alb.aws_lb_target_group.main",
            "module.ec2.aws_autoscaling_group.main",
            "module.ec2.aws_autoscaling_policy.scale_up",
            "module.ec2.aws_iam_instance_profile.ec2_profile",
            "module.ec2.aws_iam_role.ec2_role",
            "module.ec2.aws_launch_template.main",
            "module.rds.aws_db_instance.main",
            "module.rds.aws_db_subnet_group.main",
            "module.security_groups.aws_security_group.alb",
            "module.security_groups.aws_security_group.ec2",
            "module.security_groups.aws_security_group.rds",
            "module.vpc.aws_subnet.private_app",
            "module.vpc.aws_subnet.private_db",
            "module.vpc.aws_vpc.main"
          ]
        }
      ]
    },
    {
      "module": "module.ec2",
      "mode": "managed",
      "type": "aws_cloudwatch_metric_alarm",
      "name": "low_cpu",
      "provider": "provider[\"registry.terraform.io/hashicorp/aws\"]",
      "instances": [
        {
          "schema_version": 1,
          "attributes": {
            "actions_enabled": true,
            "alarm_actions": [
              "arn:aws:autoscaling:us-east-1:989625238085:scalingPolicy:50dd96e6-69a4-49ec-b7f5-648328127649:autoScalingGroupName/three-tier-app-asg:policyName/three-tier-app-scale-down"
            ],
            "alarm_description": "This metric monitors EC2 CPU utilization",
            "alarm_name": "three-tier-app-low-cpu",
            "arn": "arn:aws:cloudwatch:us-east-1:989625238085:alarm:three-tier-app-low-cpu",
            "comparison_operator": "LessThanOrEqualToThreshold",
            "datapoints_to_alarm": 0,
            "dimensions": {
              "AutoScalingGroupName": "three-tier-app-asg"
            },
            "evaluate_low_sample_count_percentiles": "",
            "evaluation_periods": 2,
            "extended_statistic": "",
            "id": "three-tier-app-low-cpu",
            "insufficient_data_actions": [],
            "metric_name": "CPUUtilization",
            "metric_query": [],
            "namespace": "AWS/EC2",
            "ok_actions": [],
            "period": 120,
            "statistic": "Average",
            "tags": {},
            "tags_all": {
              "Environment": "production",
              "ManagedBy": "Terraform",
              "Project": "3tier-webapp"
            },
            "threshold": 30,
            "threshold_metric_id": "",
            "treat_missing_data": "missing",
            "unit": ""
          },
          "sensitive_attributes": [],
          "private": "eyJzY2hlbWFfdmVyc2lvbiI6IjEifQ==",
          "dependencies": [
            "data.aws_ami.amazon_linux_2023",
            "module.alb.aws_lb_target_group.main",
            "module.ec2.aws_autoscaling_group.main",
            "module.ec2.aws_autoscaling_policy.scale_down",
            "module.ec2.aws_iam_instance_profile.ec2_profile",
            "module.ec2.aws_iam_role.ec2_role",
            "module.ec2.aws_launch_template.main",
            "module.rds.aws_db_instance.main",
            "module.rds.aws_db_subnet_group.main",
            "module.security_groups.aws_security_group.alb",
            "module.security_groups.aws_security_group.ec2",
            "module.security_groups.aws_security_group.rds",
            "module.vpc.aws_subnet.private_app",
            "module.vpc.aws_subnet.private_db",
            "module.vpc.aws_vpc.main"
          ]
        }
      ]
    },
    {
      "module": "module.ec2",
      "mode": "managed",
      "type": "aws_iam_instance_profile",
      "name": "ec2_profile",
      "provider": "provider[\"registry.terraform.io/hashicorp/aws\"]",
      "instances": [
        {
          "schema_version": 0,
          "attributes": {
            "arn": "arn:aws:iam::989625238085:instance-profile/three-tier-app-ec2-profile",
            "create_date": "2026-02-18T18:56:28Z",
            "id": "three-tier-app-ec2-profile",
            "name": "three-tier-app-ec2-profile",
            "name_prefix": "",
            "path": "/",
            "role": "three-tier-app-ec2-role",
            "tags": {},
            "tags_all": {
              "Environment": "production",
              "ManagedBy": "Terraform",
              "Project": "3tier-webapp"
            },
            "unique_id": "AIPA6M2SCYJCZSWNQOKO7"
          },
          "sensitive_attributes": [],
          "private": "bnVsbA==",
          "dependencies": [
            "module.ec2.aws_iam_role.ec2_role"
          ],
          "create_before_destroy": true
        }
      ]
    },
    {
      "module": "module.ec2",
      "mode": "managed",
      "type": "aws_iam_role",
      "name": "ec2_role",
      "provider": "provider[\"registry.terraform.io/hashicorp/aws\"]",
      "instances": [
        {
          "schema_version": 0,
          "attributes": {
            "arn": "arn:aws:iam::989625238085:role/three-tier-app-ec2-role",
            "assume_role_policy": "{\"Statement\":[{\"Action\":\"sts:AssumeRole\",\"Effect\":\"Allow\",\"Principal\":{\"Service\":\"ec2.amazonaws.com\"}}],\"Version\":\"2012-10-17\"}",
            "create_date": "2026-02-18T18:56:28Z",
            "description": "",
            "force_detach_policies": false,
            "id": "three-tier-app-ec2-role",
            "inline_policy": [],
            "managed_policy_arns": [
              "arn:aws:iam::aws:policy/AmazonSSMManagedInstanceCore",
              "arn:aws:iam::aws:policy/CloudWatchAgentServerPolicy"
            ],
            "max_session_duration": 3600,
            "name": "three-tier-app-ec2-role",
            "name_prefix": "",
            "path": "/",
            "permissions_boundary": "",
            "tags": {},
            "tags_all": {
              "Environment": "production",
              "ManagedBy": "Terraform",
              "Project": "3tier-webapp"
            },
            "unique_id": "AROA6M2SCYJCYTTSYWQFV"
          },
          "sensitive_attributes": [],
          "private": "bnVsbA==",
          "create_before_destroy": true
        }
      ]
    },
    {
      "module": "module.ec2",
      "mode": "managed",
      "type": "aws_iam_role_policy_attachment",
      "name": "cloudwatch",
      "provider": "provider[\"registry.terraform.io/hashicorp/aws\"]",
      "instances": [
        {
          "schema_version": 0,
          "attributes": {
            "id": "three-tier-app-ec2-role-20260218185628759000000001",
            "policy_arn": "arn:aws:iam::aws:policy/CloudWatchAgentServerPolicy",
            "role": "three-tier-app-ec2-role"
          },
          "sensitive_attributes": [],
          "private": "bnVsbA==",
          "dependencies": [
            "module.ec2.aws_iam_role.ec2_role"
          ]
        }
      ]
    },
    {
      "module": "module.ec2",
      "mode": "managed",
      "type": "aws_iam_role_policy_attachment",
      "name": "ssm",
      "provider": "provider[\"registry.terraform.io/hashicorp/aws\"]",
      "instances": [
        {
          "schema_version": 0,
          "attributes": {
            "id": "three-tier-app-ec2-role-20260218185628859000000002",
            "policy_arn": "arn:aws:iam::aws:policy/AmazonSSMManagedInstanceCore",
            "role": "three-tier-app-ec2-role"
          },
          "sensitive_attributes": [],
          "private": "bnVsbA==",
          "dependencies": [
            "module.ec2.aws_iam_role.ec2_role"
          ]
        }
      ]
    },
    {
      "module": "module.ec2",
      "mode": "managed",
      "type": "aws_launch_template",
      "name": "main",
      "provider": "provider[\"registry.terraform.io/hashicorp/aws\"]",
      "instances": [
        {
          "schema_version": 0,
          "attributes": {
            "arn": "arn:aws:ec2:us-east-1:989625238085:launch-template/lt-0d98a966ff4eb773b",
            "block_device_mappings": [],
            "capacity_reservation_specification": [],
            "cpu_options": [],
            "credit_specification": [],
            "default_version": 1,
            "description": "",
            "disable_api_stop": false,
            "disable_api_termination": false,
            "ebs_optimized": "",
            "elastic_gpu_specifications": [],
            "elastic_inference_accelerator": [],
            "enclave_options": [],
            "hibernation_options": [],
            "iam_instance_profile": [
              {
                "arn": "",
                "name": "three-tier-app-ec2-profile"
              }
            ],
            "id": "lt-0d98a966ff4eb773b",
            "image_id": "ami-02f058bc6b3ee6fcc",
            "instance_initiated_shutdown_behavior": "",
            "instance_market_options": [],
            "instance_requirements": [],
            "instance_type": "t3.micro",
            "kernel_id": "",
            "key_name": "your-key-pair-name",
            "latest_version": 5,
            "license_specification": [],
            "maintenance_options": [],
            "metadata_options": [],
            "monitoring": [],
            "name": "three-tier-app-lt-2026021819122670140000000e",
            "name_prefix": "three-tier-app-lt-",
            "network_interfaces": [],
            "placement": [],
            "private_dns_name_options": [],
            "ram_disk_id": "",
            "security_group_names": [],
            "tag_specifications": [
              {
                "resource_type": "instance",
                "tags": {
                  "Name": "three-tier-app-instance"
                }
              }
            ],
            "tags": {},
            "tags_all": {
              "Environment": "production",
              "ManagedBy": "Terraform",
              "Project": "3tier-webapp"
            },
            "update_default_version": null,
            "user_data": "IyEvYmluL2Jhc2gKIyBTaW1wbGUgU2hvZSBTdG9yZSBBcHBsaWNhdGlvbgoKc3VkbyBkbmYgdXBkYXRlIC15CnN1ZG8gZG5mIGluc3RhbGwgLXkgbmdpbngKCiMgQ3JlYXRlIHNob2Ugc3RvcmUgZGlyZWN0b3J5CnN1ZG8gbWtkaXIgLXAgL3Zhci93d3cvc2hvZXN0b3JlCgojIENyZWF0ZSBzaW1wbGUgSFRNTCBzaG9lIHN0b3JlCnN1ZG8gdGVlIC92YXIvd3d3L3Nob2VzdG9yZS9pbmRleC5odG1sID4gL2Rldi9udWxsIDw8J0VPRicKPCFET0NUWVBFIGh0bWw+CjxodG1sIGxhbmc9ImVuIj4KPGhlYWQ+CiAgICA8bWV0YSBjaGFyc2V0PSJVVEYtOCI+CiAgICA8bWV0YSBuYW1lPSJ2aWV3cG9ydCIgY29udGVudD0id2lkdGg9ZGV2aWNlLXdpZHRoLCBpbml0aWFsLXNjYWxlPTEuMCI+CiAgICA8dGl0bGU+U29sZVN0eWxlIC0gUHJlbWl1bSBTaG9lIFN0b3JlPC90aXRsZT4KICAgIDxzdHlsZT4KICAgICAgICAqIHsgbWFyZ2luOiAwOyBwYWRkaW5nOiAwOyBib3gtc2l6aW5nOiBib3JkZXItYm94OyB9CiAgICAgICAgYm9keSB7IGZvbnQtZmFtaWx5OiAnU2Vnb2UgVUknLCBUYWhvbWEsIEdlbmV2YSwgVmVyZGFuYSwgc2Fucy1zZXJpZjsgYmFja2dyb3VuZDogI2Y1ZjVmNTsgfQogICAgICAgIGhlYWRlciB7IGJhY2tncm91bmQ6IGxpbmVhci1ncmFkaWVudCgxMzVkZWcsICM2NjdlZWEgMCUsICM3NjRiYTIgMTAwJSk7IGNvbG9yOiB3aGl0ZTsgcGFkZGluZzogMnJlbTsgdGV4dC1hbGlnbjogY2VudGVyOyB9CiAgICAgICAgLmNvbnRhaW5lciB7IG1heC13aWR0aDogMTIwMHB4OyBtYXJnaW46IDAgYXV0bzsgcGFkZGluZzogMnJlbTsgfQogICAgICAgIC5wcm9kdWN0cyB7IGRpc3BsYXk6IGdyaWQ7IGdyaWQtdGVtcGxhdGUtY29sdW1uczogcmVwZWF0KGF1dG8tZml0LCBtaW5tYXgoMjgwcHgsIDFmcikpOyBnYXA6IDJyZW07IG1hcmdpbi10b3A6IDJyZW07IH0KICAgICAgICAucHJvZHVjdCB7IGJhY2tncm91bmQ6IHdoaXRlOyBib3JkZXItcmFkaXVzOiAxMHB4OyBib3gtc2hhZG93OiAwIDRweCA2cHggcmdiYSgwLDAsMCwwLjEpOyBvdmVyZmxvdzogaGlkZGVuOyB0cmFuc2l0aW9uOiB0cmFuc2Zvcm0gMC4zczsgfQogICAgICAgIC5wcm9kdWN0OmhvdmVyIHsgdHJhbnNmb3JtOiB0cmFuc2xhdGVZKC01cHgpOyB9CiAgICAgICAgLnByb2R1Y3QtaW1hZ2UgeyBoZWlnaHQ6IDIwMHB4OyBiYWNrZ3JvdW5kOiBsaW5lYXItZ3JhZGllbnQoNDVkZWcsICNmMDkzZmIgMCUsICNmNTU3NmMgMTAwJSk7IGRpc3BsYXk6IGZsZXg7IGFsaWduLWl0ZW1zOiBjZW50ZXI7IGp1c3RpZnktY29udGVudDogY2VudGVyOyBmb250LXNpemU6IDRyZW07IH0KICAgICAgICAucHJvZHVjdC1pbmZvIHsgcGFkZGluZzogMS41cmVtOyB9CiAgICAgICAgLnByb2R1Y3QtdGl0bGUgeyBmb250LXNpemU6IDEuMjVyZW07IGZvbnQtd2VpZ2h0OiBib2xkOyBtYXJnaW4tYm90dG9tOiAwLjVyZW07IGNvbG9yOiAjMzMzOyB9CiAgICAgICAgLnByb2R1Y3QtcHJpY2UgeyBjb2xvcjogIzY2N2VlYTsgZm9udC1zaXplOiAxLjVyZW07IGZvbnQtd2VpZ2h0OiBib2xkOyBtYXJnaW4tYm90dG9tOiAwLjVyZW07IH0KICAgICAgICAucHJvZHVjdC1kZXNjIHsgY29sb3I6ICM2NjY7IG1hcmdpbi1ib3R0b206IDFyZW07IH0KICAgICAgICAuYnRuIHsgYmFja2dyb3VuZDogIzY2N2VlYTsgY29sb3I6IHdoaXRlOyBib3JkZXI6IG5vbmU7IHBhZGRpbmc6IDAuNzVyZW0gMS41cmVtOyBib3JkZXItcmFkaXVzOiA1cHg7IGN1cnNvcjogcG9pbnRlcjsgd2lkdGg6IDEwMCU7IGZvbnQtc2l6ZTogMXJlbTsgfQogICAgICAgIC5idG46aG92ZXIgeyBiYWNrZ3JvdW5kOiAjNzY0YmEyOyB9CiAgICAgICAgLmNhcnQgeyBwb3NpdGlvbjogZml4ZWQ7IHRvcDogMjBweDsgcmlnaHQ6IDIwcHg7IGJhY2tncm91bmQ6IHdoaXRlOyBwYWRkaW5nOiAxcmVtOyBib3JkZXItcmFkaXVzOiA1MCU7IGJveC1zaGFkb3c6IDAgMnB4IDEwcHggcmdiYSgwLDAsMCwwLjIpOyBjdXJzb3I6IHBvaW50ZXI7IH0KICAgICAgICAuY2FydC1jb3VudCB7IHBvc2l0aW9uOiBhYnNvbHV0ZTsgdG9wOiAtNXB4OyByaWdodDogLTVweDsgYmFja2dyb3VuZDogI2Y1NTc2YzsgY29sb3I6IHdoaXRlOyBib3JkZXItcmFkaXVzOiA1MCU7IHdpZHRoOiAyMHB4OyBoZWlnaHQ6IDIwcHg7IGRpc3BsYXk6IGZsZXg7IGFsaWduLWl0ZW1zOiBjZW50ZXI7IGp1c3RpZnktY29udGVudDogY2VudGVyOyBmb250LXNpemU6IDAuNzVyZW07IH0KICAgIDwvc3R5bGU+CjwvaGVhZD4KPGJvZHk+CiAgICA8aGVhZGVyPgogICAgICAgIDxoMT7wn5GfIFNvbGVTdHlsZTwvaDE+CiAgICAgICAgPHA+UHJlbWl1bSBGb290d2VhciBmb3IgRXZlcnkgT2NjYXNpb248L3A+CiAgICA8L2hlYWRlcj4KICAgIAogICAgPGRpdiBjbGFzcz0iY2FydCIgb25jbGljaz0iYWxlcnQoJ0NhcnQ6ICcgKyBjYXJ0Lmxlbmd0aCArICcgaXRlbXMnKSI+CiAgICAgICAg8J+bkgogICAgICAgIDxzcGFuIGNsYXNzPSJjYXJ0LWNvdW50IiBpZD0iY2FydENvdW50Ij4wPC9zcGFuPgogICAgPC9kaXY+CgogICAgPGRpdiBjbGFzcz0iY29udGFpbmVyIj4KICAgICAgICA8aDIgc3R5bGU9InRleHQtYWxpZ246IGNlbnRlcjsgbWFyZ2luLWJvdHRvbTogMXJlbTsiPkZlYXR1cmVkIENvbGxlY3Rpb248L2gyPgogICAgICAgIAogICAgICAgIDxkaXYgY2xhc3M9InByb2R1Y3RzIj4KICAgICAgICAgICAgPGRpdiBjbGFzcz0icHJvZHVjdCI+CiAgICAgICAgICAgICAgICA8ZGl2IGNsYXNzPSJwcm9kdWN0LWltYWdlIj7wn5GfPC9kaXY+CiAgICAgICAgICAgICAgICA8ZGl2IGNsYXNzPSJwcm9kdWN0LWluZm8iPgogICAgICAgICAgICAgICAgICAgIDxkaXYgY2xhc3M9InByb2R1Y3QtdGl0bGUiPkFpciBSdW5uZXIgUHJvPC9kaXY+CiAgICAgICAgICAgICAgICAgICAgPGRpdiBjbGFzcz0icHJvZHVjdC1wcmljZSI+JDEyOS45OTwvZGl2PgogICAgICAgICAgICAgICAgICAgIDxkaXYgY2xhc3M9InByb2R1Y3QtZGVzYyI+SGlnaC1wZXJmb3JtYW5jZSBydW5uaW5nIHNob2VzIHdpdGggYWR2YW5jZWQgY3VzaGlvbmluZyB0ZWNobm9sb2d5LjwvZGl2PgogICAgICAgICAgICAgICAgICAgIDxidXR0b24gY2xhc3M9ImJ0biIgb25jbGljaz0iYWRkVG9DYXJ0KCdBaXIgUnVubmVyIFBybycpIj5BZGQgdG8gQ2FydDwvYnV0dG9uPgogICAgICAgICAgICAgICAgPC9kaXY+CiAgICAgICAgICAgIDwvZGl2PgoKICAgICAgICAgICAgPGRpdiBjbGFzcz0icHJvZHVjdCI+CiAgICAgICAgICAgICAgICA8ZGl2IGNsYXNzPSJwcm9kdWN0LWltYWdlIiBzdHlsZT0iYmFja2dyb3VuZDogbGluZWFyLWdyYWRpZW50KDQ1ZGVnLCAjNGZhY2ZlIDAlLCAjMDBmMmZlIDEwMCUpOyI+8J+RnjwvZGl2PgogICAgICAgICAgICAgICAgPGRpdiBjbGFzcz0icHJvZHVjdC1pbmZvIj4KICAgICAgICAgICAgICAgICAgICA8ZGl2IGNsYXNzPSJwcm9kdWN0LXRpdGxlIj5VcmJhbiBXYWxrZXI8L2Rpdj4KICAgICAgICAgICAgICAgICAgICA8ZGl2IGNsYXNzPSJwcm9kdWN0LXByaWNlIj4kODkuOTk8L2Rpdj4KICAgICAgICAgICAgICAgICAgICA8ZGl2IGNsYXNzPSJwcm9kdWN0LWRlc2MiPlN0eWxpc2ggY2FzdWFsIHNob2VzIHBlcmZlY3QgZm9yIGNpdHkgbGlmZSBhbmQgZXZlcnlkYXkgY29tZm9ydC48L2Rpdj4KICAgICAgICAgICAgICAgICAgICA8YnV0dG9uIGNsYXNzPSJidG4iIG9uY2xpY2s9ImFkZFRvQ2FydCgnVXJiYW4gV2Fsa2VyJykiPkFkZCB0byBDYXJ0PC9idXR0b24+CiAgICAgICAgICAgICAgICA8L2Rpdj4KICAgICAgICAgICAgPC9kaXY+CgogICAgICAgICAgICA8ZGl2IGNsYXNzPSJwcm9kdWN0Ij4KICAgICAgICAgICAgICAgIDxkaXYgY2xhc3M9InByb2R1Y3QtaW1hZ2UiIHN0eWxlPSJiYWNrZ3JvdW5kOiBsaW5lYXItZ3JhZGllbnQoNDVkZWcsICM0M2U5N2IgMCUsICMzOGY5ZDcgMTAwJSk7Ij7wn4+DPC9kaXY+CiAgICAgICAgICAgICAgICA8ZGl2IGNsYXNzPSJwcm9kdWN0LWluZm8iPgogICAgICAgICAgICAgICAgICAgIDxkaXYgY2xhc3M9InByb2R1Y3QtdGl0bGUiPlNwZWVkIERlbW9uPC9kaXY+CiAgICAgICAgICAgICAgICAgICAgPGRpdiBjbGFzcz0icHJvZHVjdC1wcmljZSI+JDE1OS45OTwvZGl2PgogICAgICAgICAgICAgICAgICAgIDxkaXYgY2xhc3M9InByb2R1Y3QtZGVzYyI+TGlnaHR3ZWlnaHQgc3ByaW50aW5nIHNob2VzIGRlc2lnbmVkIGZvciBtYXhpbXVtIHNwZWVkLjwvZGl2PgogICAgICAgICAgICAgICAgICAgIDxidXR0b24gY2xhc3M9ImJ0biIgb25jbGljaz0iYWRkVG9DYXJ0KCdTcGVlZCBEZW1vbicpIj5BZGQgdG8gQ2FydDwvYnV0dG9uPgogICAgICAgICAgICAgICAgPC9kaXY+CiAgICAgICAgICAgIDwvZGl2PgoKICAgICAgICAgICAgPGRpdiBjbGFzcz0icHJvZHVjdCI+CiAgICAgICAgICAgICAgICA8ZGl2IGNsYXNzPSJwcm9kdWN0LWltYWdlIiBzdHlsZT0iYmFja2dyb3VuZDogbGluZWFyLWdyYWRpZW50KDQ1ZGVnLCAjZmE3MDlhIDAlLCAjZmVlMTQwIDEwMCUpOyI+8J+RoDwvZGl2PgogICAgICAgICAgICAgICAgPGRpdiBjbGFzcz0icHJvZHVjdC1pbmZvIj4KICAgICAgICAgICAgICAgICAgICA8ZGl2IGNsYXNzPSJwcm9kdWN0LXRpdGxlIj5FbGVnYW50IFN0ZXA8L2Rpdj4KICAgICAgICAgICAgICAgICAgICA8ZGl2IGNsYXNzPSJwcm9kdWN0LXByaWNlIj4kNzkuOTk8L2Rpdj4KICAgICAgICAgICAgICAgICAgICA8ZGl2IGNsYXNzPSJwcm9kdWN0LWRlc2MiPkNsYXNzaWMgZm9ybWFsIHNob2VzIGZvciBidXNpbmVzcyBhbmQgc3BlY2lhbCBvY2Nhc2lvbnMuPC9kaXY+CiAgICAgICAgICAgICAgICAgICAgPGJ1dHRvbiBjbGFzcz0iYnRuIiBvbmNsaWNrPSJhZGRUb0NhcnQoJ0VsZWdhbnQgU3RlcCcpIj5BZGQgdG8gQ2FydDwvYnV0dG9uPgogICAgICAgICAgICAgICAgPC9kaXY+CiAgICAgICAgICAgIDwvZGl2PgoKICAgICAgICAgICAgPGRpdiBjbGFzcz0icHJvZHVjdCI+CiAgICAgICAgICAgICAgICA8ZGl2IGNsYXNzPSJwcm9kdWN0LWltYWdlIiBzdHlsZT0iYmFja2dyb3VuZDogbGluZWFyLWdyYWRpZW50KDQ1ZGVnLCAjYThlZGVhIDAlLCAjZmVkNmUzIDEwMCUpOyI+8J+PlO+4jzwvZGl2PgogICAgICAgICAgICAgICAgPGRpdiBjbGFzcz0icHJvZHVjdC1pbmZvIj4KICAgICAgICAgICAgICAgICAgICA8ZGl2IGNsYXNzPSJwcm9kdWN0LXRpdGxlIj5UcmFpbCBCbGF6ZXI8L2Rpdj4KICAgICAgICAgICAgICAgICAgICA8ZGl2IGNsYXNzPSJwcm9kdWN0LXByaWNlIj4kMTQ5Ljk5PC9kaXY+CiAgICAgICAgICAgICAgICAgICAgPGRpdiBjbGFzcz0icHJvZHVjdC1kZXNjIj5SdWdnZWQgaGlraW5nIGJvb3RzIGZvciBvdXRkb29yIGFkdmVudHVyZXMuPC9kaXY+CiAgICAgICAgICAgICAgICAgICAgPGJ1dHRvbiBjbGFzcz0iYnRuIiBvbmNsaWNrPSJhZGRUb0NhcnQoJ1RyYWlsIEJsYXplcicpIj5BZGQgdG8gQ2FydDwvYnV0dG9uPgogICAgICAgICAgICAgICAgPC9kaXY+CiAgICAgICAgICAgIDwvZGl2PgoKICAgICAgICAgICAgPGRpdiBjbGFzcz0icHJvZHVjdCI+CiAgICAgICAgICAgICAgICA8ZGl2IGNsYXNzPSJwcm9kdWN0LWltYWdlIiBzdHlsZT0iYmFja2dyb3VuZDogbGluZWFyLWdyYWRpZW50KDQ1ZGVnLCAjZmZlY2QyIDAlLCAjZmNiNjlmIDEwMCUpOyI+8J+PgDwvZGl2PgogICAgICAgICAgICAgICAgPGRpdiBjbGFzcz0icHJvZHVjdC1pbmZvIj4KICAgICAgICAgICAgICAgICAgICA8ZGl2IGNsYXNzPSJwcm9kdWN0LXRpdGxlIj5Db3VydCBNYXN0ZXI8L2Rpdj4KICAgICAgICAgICAgICAgICAgICA8ZGl2IGNsYXNzPSJwcm9kdWN0LXByaWNlIj4kMTE5Ljk5PC9kaXY+CiAgICAgICAgICAgICAgICAgICAgPGRpdiBjbGFzcz0icHJvZHVjdC1kZXNjIj5Qcm9mZXNzaW9uYWwgYmFza2V0YmFsbCBzaG9lcyB3aXRoIHN1cGVyaW9yIGFua2xlIHN1cHBvcnQuPC9kaXY+CiAgICAgICAgICAgICAgICAgICAgPGJ1dHRvbiBjbGFzcz0iYnRuIiBvbmNsaWNrPSJhZGRUb0NhcnQoJ0NvdXJ0IE1hc3RlcicpIj5BZGQgdG8gQ2FydDwvYnV0dG9uPgogICAgICAgICAgICAgICAgPC9kaXY+CiAgICAgICAgICAgIDwvZGl2PgogICAgICAgIDwvZGl2PgogICAgPC9kaXY+CgogICAgPHNjcmlwdD4KICAgICAgICBsZXQgY2FydCA9IFtdOwogICAgICAgIGZ1bmN0aW9uIGFkZFRvQ2FydChwcm9kdWN0KSB7CiAgICAgICAgICAgIGNhcnQucHVzaChwcm9kdWN0KTsKICAgICAgICAgICAgZG9jdW1lbnQuZ2V0RWxlbWVudEJ5SWQoJ2NhcnRDb3VudCcpLnRleHRDb250ZW50ID0gY2FydC5sZW5ndGg7CiAgICAgICAgICAgIGFsZXJ0KHByb2R1Y3QgKyAnIGFkZGVkIHRvIGNhcnQhJyk7CiAgICAgICAgfQogICAgPC9zY3JpcHQ+CjwvYm9keT4KPC9odG1sPgpFT0YKCiMgQ29uZmlndXJlIE5naW54CnN1ZG8gdGVlIC9ldGMvbmdpbngvY29uZi5kL3Nob2VzdG9yZS5jb25mID4gL2Rldi9udWxsIDw8J0VPRicKc2VydmVyIHsKICAgIGxpc3RlbiA4MDsKICAgIHNlcnZlcl9uYW1lIF87CiAgICByb290IC92YXIvd3d3L3Nob2VzdG9yZTsKICAgIGluZGV4IGluZGV4Lmh0bWw7CgogICAgbG9jYXRpb24gLyB7CiAgICAgICAgdHJ5X2ZpbGVzICR1cmkgJHVyaS8gL2luZGV4Lmh0bWw7CiAgICB9Cn0KRU9GCgojIFJlbW92ZSBkZWZhdWx0IGNvbmZpZyBhbmQgcmVzdGFydApzdWRvIHJtIC1mIC9ldGMvbmdpbngvY29uZi5kL2RlZmF1bHQuY29uZgpzdWRvIHN5c3RlbWN0bCByZXN0YXJ0IG5naW54CnN1ZG8gc3lzdGVtY3RsIGVuYWJsZSBuZ2lueAoKIyBTZXQgcGVybWlzc2lvbnMKc3VkbyBjaG93biAtUiBlYzItdXNlcjplYzItdXNlciAvdmFyL3d3dy9zaG9lc3RvcmU=",
            "vpc_security_group_ids": [
              "sg-0824153f3b685ea70"
            ]
          },
          "sensitive_attributes": [
            [
              {
                "type": "get_attr",
                "value": "user_data"
              }
            ]
          ],
          "private": "bnVsbA==",
          "dependencies": [
            "data.aws_ami.amazon_linux_2023",
            "module.ec2.aws_iam_instance_profile.ec2_profile",
            "module.rds.aws_db_instance.main",
            "module.security_groups.aws_security_group.ec2"
          ],
          "create_before_destroy": true
        }
      ]
    },
    {
      "module": "module.rds",
      "mode": "managed",
      "type": "aws_db_instance",
      "name": "main",
      "provider": "provider[\"registry.terraform.io/hashicorp/aws\"]",
      "instances": [
        {
          "schema_version": 2,
          "attributes": {
            "address": "three-tier-app-db.c2pkuq4yohe2.us-east-1.rds.amazonaws.com",
            "allocated_storage": 20,
            "allow_major_version_upgrade": null,
            "apply_immediately": false,
            "arn": "arn:aws:rds:us-east-1:989625238085:db:three-tier-app-db",
            "auto_minor_version_upgrade": true,
            "availability_zone": "us-east-1b",
            "backup_retention_period": 7,
            "backup_target": "region",
            "backup_window": "07:54-08:24",
            "blue_green_update": [],
            "ca_cert_identifier": "rds-ca-rsa2048-g1",
            "character_set_name": "",
            "copy_tags_to_snapshot": false,
            "custom_iam_instance_profile": "",
            "customer_owned_ip_enabled": false,
            "database_insights_mode": "standard",
            "db_name": "appdatabase",
            "db_subnet_group_name": "three-tier-app-db-subnet-group",
            "dedicated_log_volume": false,
            "delete_automated_backups": true,
            "deletion_protection": false,
            "domain": "",
            "domain_auth_secret_arn": "",
            "domain_dns_ips": [],
            "domain_fqdn": "",
            "domain_iam_role_name": "",
            "domain_ou": "",
            "enabled_cloudwatch_logs_exports": [],
            "endpoint": "three-tier-app-db.c2pkuq4yohe2.us-east-1.rds.amazonaws.com:3306",
            "engine": "mysql",
            "engine_lifecycle_support": "open-source-rds-extended-support",
            "engine_version": "8.0",
            "engine_version_actual": "8.0.44",
            "final_snapshot_identifier": null,
            "hosted_zone_id": "Z2R2ITUGPM61AM",
            "iam_database_authentication_enabled": false,
            "id": "db-UXSAJAUGWRRT5UZD4IKOSCNMRE",
            "identifier": "three-tier-app-db",
            "identifier_prefix": "",
            "instance_class": "db.t3.micro",
            "iops": 3000,
            "kms_key_id": "arn:aws:kms:us-east-1:989625238085:key/9054c8f5-8602-4249-be29-d50f102d0bf7",
            "latest_restorable_time": "2026-02-18T20:15:00Z",
            "license_model": "general-public-license",
            "listener_endpoint": [],
            "maintenance_window": "fri:10:11-fri:10:41",
            "manage_master_user_password": null,
            "master_user_secret": [],
            "master_user_secret_kms_key_id": null,
            "max_allocated_storage": 100,
            "monitoring_interval": 0,
            "monitoring_role_arn": "",
            "multi_az": true,
            "nchar_character_set_name": "",
            "network_type": "IPV4",
            "option_group_name": "default:mysql-8-0",
            "parameter_group_name": "default.mysql8.0",
            "password": "Aminah256",
            "password_wo": null,
            "password_wo_version": null,
            "performance_insights_enabled": false,
            "performance_insights_kms_key_id": "",
            "performance_insights_retention_period": 0,
            "port": 3306,
            "publicly_accessible": false,
            "replica_mode": "",
            "replicas": [],
            "replicate_source_db": "",
            "resource_id": "db-UXSAJAUGWRRT5UZD4IKOSCNMRE",
            "restore_to_point_in_time": [],
            "s3_import": [],
            "skip_final_snapshot": true,
            "snapshot_identifier": null,
            "status": "available",
            "storage_encrypted": true,
            "storage_throughput": 125,
            "storage_type": "gp3",
            "tags": {
              "Name": "three-tier-app-rds"
            },
            "tags_all": {
              "Environment": "production",
              "ManagedBy": "Terraform",
              "Name": "three-tier-app-rds",
              "Project": "3tier-webapp"
            },
            "timeouts": null,
            "timezone": "",
            "upgrade_storage_config": null,
            "username": "admin",
            "vpc_security_group_ids": [
              "sg-020506dc591f70988"
            ]
          },
          "sensitive_attributes": [
            [
              {
                "type": "get_attr",
                "value": "password"
              }
            ],
            [
              {
                "type": "get_attr",
                "value": "username"
              }
            ]
          ],
          "private": "eyJlMmJmYjczMC1lY2FhLTExZTYtOGY4OC0zNDM2M2JjN2M0YzAiOnsiY3JlYXRlIjozMDAwMDAwMDAwMDAwLCJkZWxldGUiOjM2MDAwMDAwMDAwMDAsInVwZGF0ZSI6NDgwMDAwMDAwMDAwMH0sInNjaGVtYV92ZXJzaW9uIjoiMiJ9",
          "dependencies": [
            "module.rds.aws_db_subnet_group.main",
            "module.security_groups.aws_security_group.alb",
            "module.security_groups.aws_security_group.ec2",
            "module.security_groups.aws_security_group.rds",
            "module.vpc.aws_subnet.private_db",
            "module.vpc.aws_vpc.main"
          ],
          "create_before_destroy": true
        }
      ]
    },
    {
      "module": "module.rds",
      "mode": "managed",
      "type": "aws_db_subnet_group",
      "name": "main",
      "provider": "provider[\"registry.terraform.io/hashicorp/aws\"]",
      "instances": [
        {
          "schema_version": 0,
          "attributes": {
            "arn": "arn:aws:rds:us-east-1:989625238085:subgrp:three-tier-app-db-subnet-group",
            "description": "Managed by Terraform",
            "id": "three-tier-app-db-subnet-group",
            "name": "three-tier-app-db-subnet-group",
            "name_prefix": "",
            "subnet_ids": [
              "subnet-00bafa0ba3689649b",
              "subnet-01453e33273f17e52",
              "subnet-07380be73d7f84255"
            ],
            "supported_network_types": [
              "IPV4"
            ],
            "tags": {
              "Name": "three-tier-app-db-subnet-group"
            },
            "tags_all": {
              "Environment": "production",
              "ManagedBy": "Terraform",
              "Name": "three-tier-app-db-subnet-group",
              "Project": "3tier-webapp"
            },
            "vpc_id": "vpc-020a4c7bd878fedfd"
          },
          "sensitive_attributes": [],
          "private": "bnVsbA==",
          "dependencies": [
            "module.vpc.aws_subnet.private_db",
            "module.vpc.aws_vpc.main"
          ],
          "create_before_destroy": true
        }
      ]
    },
    {
      "module": "module.security_groups",
      "mode": "managed",
      "type": "aws_security_group",
      "name": "alb",
      "provider": "provider[\"registry.terraform.io/hashicorp/aws\"]",
      "instances": [
        {
          "schema_version": 1,
          "attributes": {
            "arn": "arn:aws:ec2:us-east-1:989625238085:security-group/sg-0f92e62d8be9c4fcf",
            "description": "Managed by Terraform",
            "egress": [
              {
                "cidr_blocks": [
                  "0.0.0.0/0"
                ],
                "description": "",
                "from_port": 0,
                "ipv6_cidr_blocks": [],
                "prefix_list_ids": [],
                "protocol": "-1",
                "security_groups": [],
                "self": false,
                "to_port": 0
              }
            ],
            "id": "sg-0f92e62d8be9c4fcf",
            "ingress": [
              {
                "cidr_blocks": [
                  "0.0.0.0/0"
                ],
                "description": "",
                "from_port": 443,
                "ipv6_cidr_blocks": [],
                "prefix_list_ids": [],
                "protocol": "tcp",
                "security_groups": [],
                "self": false,
                "to_port": 443
              },
              {
                "cidr_blocks": [
                  "0.0.0.0/0"
                ],
                "description": "",
                "from_port": 80,
                "ipv6_cidr_blocks": [],
                "prefix_list_ids": [],
                "protocol": "tcp",
                "security_groups": [],
                "self": false,
                "to_port": 80
              }
            ],
            "name": "three-tier-app-alb-20260218185641409900000005",
            "name_prefix": "three-tier-app-alb-",
            "owner_id": "989625238085",
            "revoke_rules_on_delete": false,
            "tags": {
              "Name": "three-tier-app-alb-sg"
            },
            "tags_all": {
              "Environment": "production",
              "ManagedBy": "Terraform",
              "Name": "three-tier-app-alb-sg",
              "Project": "3tier-webapp"
            },
            "timeouts": null,
            "vpc_id": "vpc-020a4c7bd878fedfd"
          },
          "sensitive_attributes": [],
          "private": "eyJlMmJmYjczMC1lY2FhLTExZTYtOGY4OC0zNDM2M2JjN2M0YzAiOnsiY3JlYXRlIjo2MDAwMDAwMDAwMDAsImRlbGV0ZSI6OTAwMDAwMDAwMDAwfSwic2NoZW1hX3ZlcnNpb24iOiIxIn0=",
          "dependencies": [
            "module.vpc.aws_vpc.main"
          ],
          "create_before_destroy": true
        }
      ]
    },
    {
      "module": "module.security_groups",
      "mode": "managed",
      "type": "aws_security_group",
      "name": "ec2",
      "provider": "provider[\"registry.terraform.io/hashicorp/aws\"]",
      "instances": [
        {
          "schema_version": 1,
          "attributes": {
            "arn": "arn:aws:ec2:us-east-1:989625238085:security-group/sg-0824153f3b685ea70",
            "description": "Managed by Terraform",
            "egress": [
              {
                "cidr_blocks": [
                  "0.0.0.0/0"
                ],
                "description": "",
                "from_port": 0,
                "ipv6_cidr_blocks": [],
                "prefix_list_ids": [],
                "protocol": "-1",
                "security_groups": [],
                "self": false,
                "to_port": 0
              }
            ],
            "id": "sg-0824153f3b685ea70",
            "ingress": [
              {
                "cidr_blocks": [
                  "10.0.0.0/16"
                ],
                "description": "",
                "from_port": 22,
                "ipv6_cidr_blocks": [],
                "prefix_list_ids": [],
                "protocol": "tcp",
                "security_groups": [],
                "self": false,
                "to_port": 22
              },
              {
                "cidr_blocks": [],
                "description": "",
                "from_port": 443,
                "ipv6_cidr_blocks": [],
                "prefix_list_ids": [],
                "protocol": "tcp",
                "security_groups": [
                  "sg-0f92e62d8be9c4fcf"
                ],
                "self": false,
                "to_port": 443
              },
              {
                "cidr_blocks": [],
                "description": "",
                "from_port": 80,
                "ipv6_cidr_blocks": [],
                "prefix_list_ids": [],
                "protocol": "tcp",
                "security_groups": [
                  "sg-0f92e62d8be9c4fcf"
                ],
                "self": false,
                "to_port": 80
              }
            ],
            "name": "three-tier-app-ec2-20260218185644094600000006",
            "name_prefix": "three-tier-app-ec2-",
            "owner_id": "989625238085",
            "revoke_rules_on_delete": false,
            "tags": {
              "Name": "three-tier-app-ec2-sg"
            },
            "tags_all": {
              "Environment": "production",
              "ManagedBy": "Terraform",
              "Name": "three-tier-app-ec2-sg",
              "Project": "3tier-webapp"
            },
            "timeouts": null,
            "vpc_id": "vpc-020a4c7bd878fedfd"
          },
          "sensitive_attributes": [],
          "private": "eyJlMmJmYjczMC1lY2FhLTExZTYtOGY4OC0zNDM2M2JjN2M0YzAiOnsiY3JlYXRlIjo2MDAwMDAwMDAwMDAsImRlbGV0ZSI6OTAwMDAwMDAwMDAwfSwic2NoZW1hX3ZlcnNpb24iOiIxIn0=",
          "dependencies": [
            "module.security_groups.aws_security_group.alb",
            "module.vpc.aws_vpc.main"
          ],
          "create_before_destroy": true
        }
      ]
    },
    {
      "module": "module.security_groups",
      "mode": "managed",
      "type": "aws_security_group",
      "name": "rds",
      "provider": "provider[\"registry.terraform.io/hashicorp/aws\"]",
      "instances": [
        {
          "schema_version": 1,
          "attributes": {
            "arn": "arn:aws:ec2:us-east-1:989625238085:security-group/sg-020506dc591f70988",
            "description": "Managed by Terraform",
            "egress": [
              {
                "cidr_blocks": [
                  "0.0.0.0/0"
                ],
                "description": "",
                "from_port": 0,
                "ipv6_cidr_blocks": [],
                "prefix_list_ids": [],
                "protocol": "-1",
                "security_groups": [],
                "self": false,
                "to_port": 0
              }
            ],
            "id": "sg-020506dc591f70988",
            "ingress": [
              {
                "cidr_blocks": [],
                "description": "",
                "from_port": 3306,
                "ipv6_cidr_blocks": [],
                "prefix_list_ids": [],
                "protocol": "tcp",
                "security_groups": [
                  "sg-0824153f3b685ea70"
                ],
                "self": false,
                "to_port": 3306
              }
            ],
            "name": "three-tier-app-rds-20260218185646814300000007",
            "name_prefix": "three-tier-app-rds-",
            "owner_id": "989625238085",
            "revoke_rules_on_delete": false,
            "tags": {
              "Name": "three-tier-app-rds-sg"
            },
            "tags_all": {
              "Environment": "production",
              "ManagedBy": "Terraform",
              "Name": "three-tier-app-rds-sg",
              "Project": "3tier-webapp"
            },
            "timeouts": null,
            "vpc_id": "vpc-020a4c7bd878fedfd"
          },
          "sensitive_attributes": [],
          "private": "eyJlMmJmYjczMC1lY2FhLTExZTYtOGY4OC0zNDM2M2JjN2M0YzAiOnsiY3JlYXRlIjo2MDAwMDAwMDAwMDAsImRlbGV0ZSI6OTAwMDAwMDAwMDAwfSwic2NoZW1hX3ZlcnNpb24iOiIxIn0=",
          "dependencies": [
            "module.security_groups.aws_security_group.alb",
            "module.security_groups.aws_security_group.ec2",
            "module.vpc.aws_vpc.main"
          ],
          "create_before_destroy": true
        }
      ]
    },
    {
      "module": "module.vpc",
      "mode": "managed",
      "type": "aws_eip",
      "name": "nat",
      "provider": "provider[\"registry.terraform.io/hashicorp/aws\"]",
      "instances": [
        {
          "index_key": 0,
          "schema_version": 0,
          "attributes": {
            "address": null,
            "allocation_id": "eipalloc-0b74b55795bdf073b",
            "arn": "arn:aws:ec2:us-east-1:989625238085:elastic-ip/eipalloc-0b74b55795bdf073b",
            "associate_with_private_ip": null,
            "association_id": "eipassoc-08b6b2d1196c0bb49",
            "carrier_ip": "",
            "customer_owned_ip": "",
            "customer_owned_ipv4_pool": "",
            "domain": "vpc",
            "id": "eipalloc-0b74b55795bdf073b",
            "instance": "",
            "ipam_pool_id": null,
            "network_border_group": "us-east-1",
            "network_interface": "eni-04ca2dc0dc72ba9be",
            "private_dns": "ip-10-0-1-237.ec2.internal",
            "private_ip": "10.0.1.237",
            "ptr_record": "",
            "public_dns": "ec2-3-85-136-181.compute-1.amazonaws.com",
            "public_ip": "3.85.136.181",
            "public_ipv4_pool": "amazon",
            "tags": {
              "Name": "three-tier-app-nat-eip-1"
            },
            "tags_all": {
              "Environment": "production",
              "ManagedBy": "Terraform",
              "Name": "three-tier-app-nat-eip-1",
              "Project": "3tier-webapp"
            },
            "timeouts": null,
            "vpc": true
          },
          "sensitive_attributes": [],
          "private": "eyJlMmJmYjczMC1lY2FhLTExZTYtOGY4OC0zNDM2M2JjN2M0YzAiOnsiZGVsZXRlIjoxODAwMDAwMDAwMDAsInJlYWQiOjkwMDAwMDAwMDAwMCwidXBkYXRlIjozMDAwMDAwMDAwMDB9fQ=="
        },
        {
          "index_key": 1,
          "schema_version": 0,
          "attributes": {
            "address": null,
            "allocation_id": "eipalloc-006c62aa7464d4522",
            "arn": "arn:aws:ec2:us-east-1:989625238085:elastic-ip/eipalloc-006c62aa7464d4522",
            "associate_with_private_ip": null,
            "association_id": "eipassoc-06bf93d21a26b6a6c",
            "carrier_ip": "",
            "customer_owned_ip": "",
            "customer_owned_ipv4_pool": "",
            "domain": "vpc",
            "id": "eipalloc-006c62aa7464d4522",
            "instance": "",
            "ipam_pool_id": null,
            "network_border_group": "us-east-1",
            "network_interface": "eni-0cb17b7f872a515e9",
            "private_dns": "ip-10-0-2-227.ec2.internal",
            "private_ip": "10.0.2.227",
            "ptr_record": "",
            "public_dns": "ec2-3-211-39-225.compute-1.amazonaws.com",
            "public_ip": "3.211.39.225",
            "public_ipv4_pool": "amazon",
            "tags": {
              "Name": "three-tier-app-nat-eip-2"
            },
            "tags_all": {
              "Environment": "production",
              "ManagedBy": "Terraform",
              "Name": "three-tier-app-nat-eip-2",
              "Project": "3tier-webapp"
            },
            "timeouts": null,
            "vpc": true
          },
          "sensitive_attributes": [],
          "private": "eyJlMmJmYjczMC1lY2FhLTExZTYtOGY4OC0zNDM2M2JjN2M0YzAiOnsiZGVsZXRlIjoxODAwMDAwMDAwMDAsInJlYWQiOjkwMDAwMDAwMDAwMCwidXBkYXRlIjozMDAwMDAwMDAwMDB9fQ=="
        },
        {
          "index_key": 2,
          "schema_version": 0,
          "attributes": {
            "address": null,
            "allocation_id": "eipalloc-008fccb07c99ac143",
            "arn": "arn:aws:ec2:us-east-1:989625238085:elastic-ip/eipalloc-008fccb07c99ac143",
            "associate_with_private_ip": null,
            "association_id": "eipassoc-0bebafe34be1e14f5",
            "carrier_ip": "",
            "customer_owned_ip": "",
            "customer_owned_ipv4_pool": "",
            "domain": "vpc",
            "id": "eipalloc-008fccb07c99ac143",
            "instance": "",
            "ipam_pool_id": null,
            "network_border_group": "us-east-1",
            "network_interface": "eni-058826171e075e4c8",
            "private_dns": "ip-10-0-3-236.ec2.internal",
            "private_ip": "10.0.3.236",
            "ptr_record": "",
            "public_dns": "ec2-34-225-127-62.compute-1.amazonaws.com",
            "public_ip": "34.225.127.62",
            "public_ipv4_pool": "amazon",
            "tags": {
              "Name": "three-tier-app-nat-eip-3"
            },
            "tags_all": {
              "Environment": "production",
              "ManagedBy": "Terraform",
              "Name": "three-tier-app-nat-eip-3",
              "Project": "3tier-webapp"
            },
            "timeouts": null,
            "vpc": true
          },
          "sensitive_attributes": [],
          "private": "eyJlMmJmYjczMC1lY2FhLTExZTYtOGY4OC0zNDM2M2JjN2M0YzAiOnsiZGVsZXRlIjoxODAwMDAwMDAwMDAsInJlYWQiOjkwMDAwMDAwMDAwMCwidXBkYXRlIjozMDAwMDAwMDAwMDB9fQ=="
        }
      ]
    },
    {
      "module": "module.vpc",
      "mode": "managed",
      "type": "aws_internet_gateway",
      "name": "main",
      "provider": "provider[\"registry.terraform.io/hashicorp/aws\"]",
      "instances": [
        {
          "schema_version": 0,
          "attributes": {
            "arn": "arn:aws:ec2:us-east-1:989625238085:internet-gateway/igw-0e1ae62357a1c672a",
            "id": "igw-0e1ae62357a1c672a",
            "owner_id": "989625238085",
            "tags": {
              "Name": "three-tier-app-igw"
            },
            "tags_all": {
              "Environment": "production",
              "ManagedBy": "Terraform",
              "Name": "three-tier-app-igw",
              "Project": "3tier-webapp"
            },
            "timeouts": null,
            "vpc_id": "vpc-020a4c7bd878fedfd"
          },
          "sensitive_attributes": [],
          "private": "eyJlMmJmYjczMC1lY2FhLTExZTYtOGY4OC0zNDM2M2JjN2M0YzAiOnsiY3JlYXRlIjoxMjAwMDAwMDAwMDAwLCJkZWxldGUiOjEyMDAwMDAwMDAwMDAsInVwZGF0ZSI6MTIwMDAwMDAwMDAwMH19",
          "dependencies": [
            "module.vpc.aws_vpc.main"
          ]
        }
      ]
    },
    {
      "module": "module.vpc",
      "mode": "managed",
      "type": "aws_nat_gateway",
      "name": "main",
      "provider": "provider[\"registry.terraform.io/hashicorp/aws\"]",
      "instances": [
        {
          "index_key": 0,
          "schema_version": 0,
          "attributes": {
            "allocation_id": "eipalloc-0b74b55795bdf073b",
            "association_id": "eipassoc-08b6b2d1196c0bb49",
            "connectivity_type": "public",
            "id": "nat-045b3c9a236a1c39f",
            "network_interface_id": "eni-04ca2dc0dc72ba9be",
            "private_ip": "10.0.1.237",
            "public_ip": "3.85.136.181",
            "secondary_allocation_ids": [],
            "secondary_private_ip_address_count": 0,
            "secondary_private_ip_addresses": [],
            "subnet_id": "subnet-0c9916da3918383ab",
            "tags": {
              "Name": "three-tier-app-nat-gw-1"
            },
            "tags_all": {
              "Environment": "production",
              "ManagedBy": "Terraform",
              "Name": "three-tier-app-nat-gw-1",
              "Project": "3tier-webapp"
            },
            "timeouts": null
          },
          "sensitive_attributes": [],
          "private": "eyJlMmJmYjczMC1lY2FhLTExZTYtOGY4OC0zNDM2M2JjN2M0YzAiOnsiY3JlYXRlIjo2MDAwMDAwMDAwMDAsImRlbGV0ZSI6MTgwMDAwMDAwMDAwMCwidXBkYXRlIjo2MDAwMDAwMDAwMDB9fQ==",
          "dependencies": [
            "module.vpc.aws_eip.nat",
            "module.vpc.aws_internet_gateway.main",
            "module.vpc.aws_subnet.public",
            "module.vpc.aws_vpc.main"
          ]
        },
        {
          "index_key": 1,
          "schema_version": 0,
          "attributes": {
            "allocation_id": "eipalloc-006c62aa7464d4522",
            "association_id": "eipassoc-06bf93d21a26b6a6c",
            "connectivity_type": "public",
            "id": "nat-0006417b2163f89b3",
            "network_interface_id": "eni-0cb17b7f872a515e9",
            "private_ip": "10.0.2.227",
            "public_ip": "3.211.39.225",
            "secondary_allocation_ids": [],
            "secondary_private_ip_address_count": 0,
            "secondary_private_ip_addresses": [],
            "subnet_id": "subnet-07c3af5afe75e5fcb",
            "tags": {
              "Name": "three-tier-app-nat-gw-2"
            },
            "tags_all": {
              "Environment": "production",
              "ManagedBy": "Terraform",
              "Name": "three-tier-app-nat-gw-2",
              "Project": "3tier-webapp"
            },
            "timeouts": null
          },
          "sensitive_attributes": [],
          "private": "eyJlMmJmYjczMC1lY2FhLTExZTYtOGY4OC0zNDM2M2JjN2M0YzAiOnsiY3JlYXRlIjo2MDAwMDAwMDAwMDAsImRlbGV0ZSI6MTgwMDAwMDAwMDAwMCwidXBkYXRlIjo2MDAwMDAwMDAwMDB9fQ==",
          "dependencies": [
            "module.vpc.aws_eip.nat",
            "module.vpc.aws_internet_gateway.main",
            "module.vpc.aws_subnet.public",
            "module.vpc.aws_vpc.main"
          ]
        },
        {
          "index_key": 2,
          "schema_version": 0,
          "attributes": {
            "allocation_id": "eipalloc-008fccb07c99ac143",
            "association_id": "eipassoc-0bebafe34be1e14f5",
            "connectivity_type": "public",
            "id": "nat-07c6c37c4e91cd4f8",
            "network_interface_id": "eni-058826171e075e4c8",
            "private_ip": "10.0.3.236",
            "public_ip": "34.225.127.62",
            "secondary_allocation_ids": [],
            "secondary_private_ip_address_count": 0,
            "secondary_private_ip_addresses": [],
            "subnet_id": "subnet-0b63e65bf6e3e0b91",
            "tags": {
              "Name": "three-tier-app-nat-gw-3"
            },
            "tags_all": {
              "Environment": "production",
              "ManagedBy": "Terraform",
              "Name": "three-tier-app-nat-gw-3",
              "Project": "3tier-webapp"
            },
            "timeouts": null
          },
          "sensitive_attributes": [],
          "private": "eyJlMmJmYjczMC1lY2FhLTExZTYtOGY4OC0zNDM2M2JjN2M0YzAiOnsiY3JlYXRlIjo2MDAwMDAwMDAwMDAsImRlbGV0ZSI6MTgwMDAwMDAwMDAwMCwidXBkYXRlIjo2MDAwMDAwMDAwMDB9fQ==",
          "dependencies": [
            "module.vpc.aws_eip.nat",
            "module.vpc.aws_internet_gateway.main",
            "module.vpc.aws_subnet.public",
            "module.vpc.aws_vpc.main"
          ]
        }
      ]
    },
    {
      "module": "module.vpc",
      "mode": "managed",
      "type": "aws_route_table",
      "name": "private_app",
      "provider": "provider[\"registry.terraform.io/hashicorp/aws\"]",
      "instances": [
        {
          "index_key": 0,
          "schema_version": 0,
          "attributes": {
            "arn": "arn:aws:ec2:us-east-1:989625238085:route-table/rtb-025ab5f70f8235e56",
            "id": "rtb-025ab5f70f8235e56",
            "owner_id": "989625238085",
            "propagating_vgws": [],
            "route": [
              {
                "carrier_gateway_id": "",
                "cidr_block": "0.0.0.0/0",
                "core_network_arn": "",
                "destination_prefix_list_id": "",
                "egress_only_gateway_id": "",
                "gateway_id": "",
                "ipv6_cidr_block": "",
                "local_gateway_id": "",
                "nat_gateway_id": "nat-045b3c9a236a1c39f",
                "network_interface_id": "",
                "transit_gateway_id": "",
                "vpc_endpoint_id": "",
                "vpc_peering_connection_id": ""
              }
            ],
            "tags": {
              "Name": "three-tier-app-private-app-rt-1"
            },
            "tags_all": {
              "Environment": "production",
              "ManagedBy": "Terraform",
              "Name": "three-tier-app-private-app-rt-1",
              "Project": "3tier-webapp"
            },
            "timeouts": null,
            "vpc_id": "vpc-020a4c7bd878fedfd"
          },
          "sensitive_attributes": [],
          "private": "eyJlMmJmYjczMC1lY2FhLTExZTYtOGY4OC0zNDM2M2JjN2M0YzAiOnsiY3JlYXRlIjozMDAwMDAwMDAwMDAsImRlbGV0ZSI6MzAwMDAwMDAwMDAwLCJ1cGRhdGUiOjEyMDAwMDAwMDAwMH19",
          "dependencies": [
            "module.vpc.aws_eip.nat",
            "module.vpc.aws_internet_gateway.main",
            "module.vpc.aws_nat_gateway.main",
            "module.vpc.aws_subnet.public",
            "module.vpc.aws_vpc.main"
          ]
        },
        {
          "index_key": 1,
          "schema_version": 0,
          "attributes": {
            "arn": "arn:aws:ec2:us-east-1:989625238085:route-table/rtb-00bfe16518795dc8d",
            "id": "rtb-00bfe16518795dc8d",
            "owner_id": "989625238085",
            "propagating_vgws": [],
            "route": [
              {
                "carrier_gateway_id": "",
                "cidr_block": "0.0.0.0/0",
                "core_network_arn": "",
                "destination_prefix_list_id": "",
                "egress_only_gateway_id": "",
                "gateway_id": "",
                "ipv6_cidr_block": "",
                "local_gateway_id": "",
                "nat_gateway_id": "nat-0006417b2163f89b3",
                "network_interface_id": "",
                "transit_gateway_id": "",
                "vpc_endpoint_id": "",
                "vpc_peering_connection_id": ""
              }
            ],
            "tags": {
              "Name": "three-tier-app-private-app-rt-2"
            },
            "tags_all": {
              "Environment": "production",
              "ManagedBy": "Terraform",
              "Name": "three-tier-app-private-app-rt-2",
              "Project": "3tier-webapp"
            },
            "timeouts": null,
            "vpc_id": "vpc-020a4c7bd878fedfd"
          },
          "sensitive_attributes": [],
          "private": "eyJlMmJmYjczMC1lY2FhLTExZTYtOGY4OC0zNDM2M2JjN2M0YzAiOnsiY3JlYXRlIjozMDAwMDAwMDAwMDAsImRlbGV0ZSI6MzAwMDAwMDAwMDAwLCJ1cGRhdGUiOjEyMDAwMDAwMDAwMH19",
          "dependencies": [
            "module.vpc.aws_eip.nat",
            "module.vpc.aws_internet_gateway.main",
            "module.vpc.aws_nat_gateway.main",
            "module.vpc.aws_subnet.public",
            "module.vpc.aws_vpc.main"
          ]
        },
        {
          "index_key": 2,
          "schema_version": 0,
          "attributes": {
            "arn": "arn:aws:ec2:us-east-1:989625238085:route-table/rtb-0ecf01896b645baf2",
            "id": "rtb-0ecf01896b645baf2",
            "owner_id": "989625238085",
            "propagating_vgws": [],
            "route": [
              {
                "carrier_gateway_id": "",
                "cidr_block": "0.0.0.0/0",
                "core_network_arn": "",
                "destination_prefix_list_id": "",
                "egress_only_gateway_id": "",
                "gateway_id": "",
                "ipv6_cidr_block": "",
                "local_gateway_id": "",
                "nat_gateway_id": "nat-07c6c37c4e91cd4f8",
                "network_interface_id": "",
                "transit_gateway_id": "",
                "vpc_endpoint_id": "",
                "vpc_peering_connection_id": ""
              }
            ],
            "tags": {
              "Name": "three-tier-app-private-app-rt-3"
            },
            "tags_all": {
              "Environment": "production",
              "ManagedBy": "Terraform",
              "Name": "three-tier-app-private-app-rt-3",
              "Project": "3tier-webapp"
            },
            "timeouts": null,
            "vpc_id": "vpc-020a4c7bd878fedfd"
          },
          "sensitive_attributes": [],
          "private": "eyJlMmJmYjczMC1lY2FhLTExZTYtOGY4OC0zNDM2M2JjN2M0YzAiOnsiY3JlYXRlIjozMDAwMDAwMDAwMDAsImRlbGV0ZSI6MzAwMDAwMDAwMDAwLCJ1cGRhdGUiOjEyMDAwMDAwMDAwMH19",
          "dependencies": [
            "module.vpc.aws_eip.nat",
            "module.vpc.aws_internet_gateway.main",
            "module.vpc.aws_nat_gateway.main",
            "module.vpc.aws_subnet.public",
            "module.vpc.aws_vpc.main"
          ]
        }
      ]
    },
    {
      "module": "module.vpc",
      "mode": "managed",
      "type": "aws_route_table",
      "name": "private_db",
      "provider": "provider[\"registry.terraform.io/hashicorp/aws\"]",
      "instances": [
        {
          "schema_version": 0,
          "attributes": {
            "arn": "arn:aws:ec2:us-east-1:989625238085:route-table/rtb-0b453c45cf8383819",
            "id": "rtb-0b453c45cf8383819",
            "owner_id": "989625238085",
            "propagating_vgws": [],
            "route": [],
            "tags": {
              "Name": "three-tier-app-private-db-rt"
            },
            "tags_all": {
              "Environment": "production",
              "ManagedBy": "Terraform",
              "Name": "three-tier-app-private-db-rt",
              "Project": "3tier-webapp"
            },
            "timeouts": null,
            "vpc_id": "vpc-020a4c7bd878fedfd"
          },
          "sensitive_attributes": [],
          "private": "eyJlMmJmYjczMC1lY2FhLTExZTYtOGY4OC0zNDM2M2JjN2M0YzAiOnsiY3JlYXRlIjozMDAwMDAwMDAwMDAsImRlbGV0ZSI6MzAwMDAwMDAwMDAwLCJ1cGRhdGUiOjEyMDAwMDAwMDAwMH19",
          "dependencies": [
            "module.vpc.aws_vpc.main"
          ]
        }
      ]
    },
    {
      "module": "module.vpc",
      "mode": "managed",
      "type": "aws_route_table",
      "name": "public",
      "provider": "provider[\"registry.terraform.io/hashicorp/aws\"]",
      "instances": [
        {
          "schema_version": 0,
          "attributes": {
            "arn": "arn:aws:ec2:us-east-1:989625238085:route-table/rtb-0f6ec40d3f8d9eb5c",
            "id": "rtb-0f6ec40d3f8d9eb5c",
            "owner_id": "989625238085",
            "propagating_vgws": [],
            "route": [
              {
                "carrier_gateway_id": "",
                "cidr_block": "0.0.0.0/0",
                "core_network_arn": "",
                "destination_prefix_list_id": "",
                "egress_only_gateway_id": "",
                "gateway_id": "igw-0e1ae62357a1c672a",
                "ipv6_cidr_block": "",
                "local_gateway_id": "",
                "nat_gateway_id": "",
                "network_interface_id": "",
                "transit_gateway_id": "",
                "vpc_endpoint_id": "",
                "vpc_peering_connection_id": ""
              }
            ],
            "tags": {
              "Name": "three-tier-app-public-rt"
            },
            "tags_all": {
              "Environment": "production",
              "ManagedBy": "Terraform",
              "Name": "three-tier-app-public-rt",
              "Project": "3tier-webapp"
            },
            "timeouts": null,
            "vpc_id": "vpc-020a4c7bd878fedfd"
          },
          "sensitive_attributes": [],
          "private": "eyJlMmJmYjczMC1lY2FhLTExZTYtOGY4OC0zNDM2M2JjN2M0YzAiOnsiY3JlYXRlIjozMDAwMDAwMDAwMDAsImRlbGV0ZSI6MzAwMDAwMDAwMDAwLCJ1cGRhdGUiOjEyMDAwMDAwMDAwMH19",
          "dependencies": [
            "module.vpc.aws_internet_gateway.main",
            "module.vpc.aws_vpc.main"
          ]
        }
      ]
    },
    {
      "module": "module.vpc",
      "mode": "managed",
      "type": "aws_route_table_association",
      "name": "private_app",
      "provider": "provider[\"registry.terraform.io/hashicorp/aws\"]",
      "instances": [
        {
          "index_key": 0,
          "schema_version": 0,
          "attributes": {
            "gateway_id": "",
            "id": "rtbassoc-0e96a1e80643a4ced",
            "route_table_id": "rtb-025ab5f70f8235e56",
            "subnet_id": "subnet-044be30ede00a3c85",
            "timeouts": null
          },
          "sensitive_attributes": [],
          "private": "eyJlMmJmYjczMC1lY2FhLTExZTYtOGY4OC0zNDM2M2JjN2M0YzAiOnsiY3JlYXRlIjozMDAwMDAwMDAwMDAsImRlbGV0ZSI6MzAwMDAwMDAwMDAwLCJ1cGRhdGUiOjEyMDAwMDAwMDAwMH19",
          "dependencies": [
            "module.vpc.aws_eip.nat",
            "module.vpc.aws_internet_gateway.main",
            "module.vpc.aws_nat_gateway.main",
            "module.vpc.aws_route_table.private_app",
            "module.vpc.aws_subnet.private_app",
            "module.vpc.aws_subnet.public",
            "module.vpc.aws_vpc.main"
          ]
        },
        {
          "index_key": 1,
          "schema_version": 0,
          "attributes": {
            "gateway_id": "",
            "id": "rtbassoc-05cf4a3bec6681aef",
            "route_table_id": "rtb-00bfe16518795dc8d",
            "subnet_id": "subnet-069377ec6235ea6e4",
            "timeouts": null
          },
          "sensitive_attributes": [],
          "private": "eyJlMmJmYjczMC1lY2FhLTExZTYtOGY4OC0zNDM2M2JjN2M0YzAiOnsiY3JlYXRlIjozMDAwMDAwMDAwMDAsImRlbGV0ZSI6MzAwMDAwMDAwMDAwLCJ1cGRhdGUiOjEyMDAwMDAwMDAwMH19",
          "dependencies": [
            "module.vpc.aws_eip.nat",
            "module.vpc.aws_internet_gateway.main",
            "module.vpc.aws_nat_gateway.main",
            "module.vpc.aws_route_table.private_app",
            "module.vpc.aws_subnet.private_app",
            "module.vpc.aws_subnet.public",
            "module.vpc.aws_vpc.main"
          ]
        },
        {
          "index_key": 2,
          "schema_version": 0,
          "attributes": {
            "gateway_id": "",
            "id": "rtbassoc-026eebf3efa6cf394",
            "route_table_id": "rtb-0ecf01896b645baf2",
            "subnet_id": "subnet-06a3b221fde4c8cb7",
            "timeouts": null
          },
          "sensitive_attributes": [],
          "private": "eyJlMmJmYjczMC1lY2FhLTExZTYtOGY4OC0zNDM2M2JjN2M0YzAiOnsiY3JlYXRlIjozMDAwMDAwMDAwMDAsImRlbGV0ZSI6MzAwMDAwMDAwMDAwLCJ1cGRhdGUiOjEyMDAwMDAwMDAwMH19",
          "dependencies": [
            "module.vpc.aws_eip.nat",
            "module.vpc.aws_internet_gateway.main",
            "module.vpc.aws_nat_gateway.main",
            "module.vpc.aws_route_table.private_app",
            "module.vpc.aws_subnet.private_app",
            "module.vpc.aws_subnet.public",
            "module.vpc.aws_vpc.main"
          ]
        }
      ]
    },
    {
      "module": "module.vpc",
      "mode": "managed",
      "type": "aws_route_table_association",
      "name": "private_db",
      "provider": "provider[\"registry.terraform.io/hashicorp/aws\"]",
      "instances": [
        {
          "index_key": 0,
          "schema_version": 0,
          "attributes": {
            "gateway_id": "",
            "id": "rtbassoc-0976ce5f199e8e7c5",
            "route_table_id": "rtb-0b453c45cf8383819",
            "subnet_id": "subnet-00bafa0ba3689649b",
            "timeouts": null
          },
          "sensitive_attributes": [],
          "private": "eyJlMmJmYjczMC1lY2FhLTExZTYtOGY4OC0zNDM2M2JjN2M0YzAiOnsiY3JlYXRlIjozMDAwMDAwMDAwMDAsImRlbGV0ZSI6MzAwMDAwMDAwMDAwLCJ1cGRhdGUiOjEyMDAwMDAwMDAwMH19",
          "dependencies": [
            "module.vpc.aws_route_table.private_db",
            "module.vpc.aws_subnet.private_db",
            "module.vpc.aws_vpc.main"
          ]
        },
        {
          "index_key": 1,
          "schema_version": 0,
          "attributes": {
            "gateway_id": "",
            "id": "rtbassoc-01b73e27df7acc5c0",
            "route_table_id": "rtb-0b453c45cf8383819",
            "subnet_id": "subnet-07380be73d7f84255",
            "timeouts": null
          },
          "sensitive_attributes": [],
          "private": "eyJlMmJmYjczMC1lY2FhLTExZTYtOGY4OC0zNDM2M2JjN2M0YzAiOnsiY3JlYXRlIjozMDAwMDAwMDAwMDAsImRlbGV0ZSI6MzAwMDAwMDAwMDAwLCJ1cGRhdGUiOjEyMDAwMDAwMDAwMH19",
          "dependencies": [
            "module.vpc.aws_route_table.private_db",
            "module.vpc.aws_subnet.private_db",
            "module.vpc.aws_vpc.main"
          ]
        },
        {
          "index_key": 2,
          "schema_version": 0,
          "attributes": {
            "gateway_id": "",
            "id": "rtbassoc-08873e3016e5f2bb2",
            "route_table_id": "rtb-0b453c45cf8383819",
            "subnet_id": "subnet-01453e33273f17e52",
            "timeouts": null
          },
          "sensitive_attributes": [],
          "private": "eyJlMmJmYjczMC1lY2FhLTExZTYtOGY4OC0zNDM2M2JjN2M0YzAiOnsiY3JlYXRlIjozMDAwMDAwMDAwMDAsImRlbGV0ZSI6MzAwMDAwMDAwMDAwLCJ1cGRhdGUiOjEyMDAwMDAwMDAwMH19",
          "dependencies": [
            "module.vpc.aws_route_table.private_db",
            "module.vpc.aws_subnet.private_db",
            "module.vpc.aws_vpc.main"
          ]
        }
      ]
    },
    {
      "module": "module.vpc",
      "mode": "managed",
      "type": "aws_route_table_association",
      "name": "public",
      "provider": "provider[\"registry.terraform.io/hashicorp/aws\"]",
      "instances": [
        {
          "index_key": 0,
          "schema_version": 0,
          "attributes": {
            "gateway_id": "",
            "id": "rtbassoc-0126a884e60dd4f37",
            "route_table_id": "rtb-0f6ec40d3f8d9eb5c",
            "subnet_id": "subnet-0c9916da3918383ab",
            "timeouts": null
          },
          "sensitive_attributes": [],
          "private": "eyJlMmJmYjczMC1lY2FhLTExZTYtOGY4OC0zNDM2M2JjN2M0YzAiOnsiY3JlYXRlIjozMDAwMDAwMDAwMDAsImRlbGV0ZSI6MzAwMDAwMDAwMDAwLCJ1cGRhdGUiOjEyMDAwMDAwMDAwMH19",
          "dependencies": [
            "module.vpc.aws_internet_gateway.main",
            "module.vpc.aws_route_table.public",
            "module.vpc.aws_subnet.public",
            "module.vpc.aws_vpc.main"
          ]
        },
        {
          "index_key": 1,
          "schema_version": 0,
          "attributes": {
            "gateway_id": "",
            "id": "rtbassoc-0da249478010fd652",
            "route_table_id": "rtb-0f6ec40d3f8d9eb5c",
            "subnet_id": "subnet-07c3af5afe75e5fcb",
            "timeouts": null
          },
          "sensitive_attributes": [],
          "private": "eyJlMmJmYjczMC1lY2FhLTExZTYtOGY4OC0zNDM2M2JjN2M0YzAiOnsiY3JlYXRlIjozMDAwMDAwMDAwMDAsImRlbGV0ZSI6MzAwMDAwMDAwMDAwLCJ1cGRhdGUiOjEyMDAwMDAwMDAwMH19",
          "dependencies": [
            "module.vpc.aws_internet_gateway.main",
            "module.vpc.aws_route_table.public",
            "module.vpc.aws_subnet.public",
            "module.vpc.aws_vpc.main"
          ]
        },
        {
          "index_key": 2,
          "schema_version": 0,
          "attributes": {
            "gateway_id": "",
            "id": "rtbassoc-088fb4bc26910f9b7",
            "route_table_id": "rtb-0f6ec40d3f8d9eb5c",
            "subnet_id": "subnet-0b63e65bf6e3e0b91",
            "timeouts": null
          },
          "sensitive_attributes": [],
          "private": "eyJlMmJmYjczMC1lY2FhLTExZTYtOGY4OC0zNDM2M2JjN2M0YzAiOnsiY3JlYXRlIjozMDAwMDAwMDAwMDAsImRlbGV0ZSI6MzAwMDAwMDAwMDAwLCJ1cGRhdGUiOjEyMDAwMDAwMDAwMH19",
          "dependencies": [
            "module.vpc.aws_internet_gateway.main",
            "module.vpc.aws_route_table.public",
            "module.vpc.aws_subnet.public",
            "module.vpc.aws_vpc.main"
          ]
        }
      ]
    },
    {
      "module": "module.vpc",
      "mode": "managed",
      "type": "aws_subnet",
      "name": "private_app",
      "provider": "provider[\"registry.terraform.io/hashicorp/aws\"]",
      "instances": [
        {
          "index_key": 0,
          "schema_version": 1,
          "attributes": {
            "arn": "arn:aws:ec2:us-east-1:989625238085:subnet/subnet-044be30ede00a3c85",
            "assign_ipv6_address_on_creation": false,
            "availability_zone": "us-east-1a",
            "availability_zone_id": "use1-az1",
            "cidr_block": "10.0.4.0/24",
            "customer_owned_ipv4_pool": "",
            "enable_dns64": false,
            "enable_lni_at_device_index": 0,
            "enable_resource_name_dns_a_record_on_launch": false,
            "enable_resource_name_dns_aaaa_record_on_launch": false,
            "id": "subnet-044be30ede00a3c85",
            "ipv6_cidr_block": "",
            "ipv6_cidr_block_association_id": "",
            "ipv6_native": false,
            "map_customer_owned_ip_on_launch": false,
            "map_public_ip_on_launch": false,
            "outpost_arn": "",
            "owner_id": "989625238085",
            "private_dns_hostname_type_on_launch": "ip-name",
            "tags": {
              "Name": "three-tier-app-private-app-1",
              "Type": "Private-App"
            },
            "tags_all": {
              "Environment": "production",
              "ManagedBy": "Terraform",
              "Name": "three-tier-app-private-app-1",
              "Project": "3tier-webapp",
              "Type": "Private-App"
            },
            "timeouts": null,
            "vpc_id": "vpc-020a4c7bd878fedfd"
          },
          "sensitive_attributes": [],
          "private": "eyJlMmJmYjczMC1lY2FhLTExZTYtOGY4OC0zNDM2M2JjN2M0YzAiOnsiY3JlYXRlIjo2MDAwMDAwMDAwMDAsImRlbGV0ZSI6MTIwMDAwMDAwMDAwMH0sInNjaGVtYV92ZXJzaW9uIjoiMSJ9",
          "dependencies": [
            "module.vpc.aws_vpc.main"
          ]
        },
        {
          "index_key": 1,
          "schema_version": 1,
          "attributes": {
            "arn": "arn:aws:ec2:us-east-1:989625238085:subnet/subnet-069377ec6235ea6e4",
            "assign_ipv6_address_on_creation": false,
            "availability_zone": "us-east-1b",
            "availability_zone_id": "use1-az2",
            "cidr_block": "10.0.5.0/24",
            "customer_owned_ipv4_pool": "",
            "enable_dns64": false,
            "enable_lni_at_device_index": 0,
            "enable_resource_name_dns_a_record_on_launch": false,
            "enable_resource_name_dns_aaaa_record_on_launch": false,
            "id": "subnet-069377ec6235ea6e4",
            "ipv6_cidr_block": "",
            "ipv6_cidr_block_association_id": "",
            "ipv6_native": false,
            "map_customer_owned_ip_on_launch": false,
            "map_public_ip_on_launch": false,
            "outpost_arn": "",
            "owner_id": "989625238085",
            "private_dns_hostname_type_on_launch": "ip-name",
            "tags": {
              "Name": "three-tier-app-private-app-2",
              "Type": "Private-App"
            },
            "tags_all": {
              "Environment": "production",
              "ManagedBy": "Terraform",
              "Name": "three-tier-app-private-app-2",
              "Project": "3tier-webapp",
              "Type": "Private-App"
            },
            "timeouts": null,
            "vpc_id": "vpc-020a4c7bd878fedfd"
          },
          "sensitive_attributes": [],
          "private": "eyJlMmJmYjczMC1lY2FhLTExZTYtOGY4OC0zNDM2M2JjN2M0YzAiOnsiY3JlYXRlIjo2MDAwMDAwMDAwMDAsImRlbGV0ZSI6MTIwMDAwMDAwMDAwMH0sInNjaGVtYV92ZXJzaW9uIjoiMSJ9",
          "dependencies": [
            "module.vpc.aws_vpc.main"
          ]
        },
        {
          "index_key": 2,
          "schema_version": 1,
          "attributes": {
            "arn": "arn:aws:ec2:us-east-1:989625238085:subnet/subnet-06a3b221fde4c8cb7",
            "assign_ipv6_address_on_creation": false,
            "availability_zone": "us-east-1c",
            "availability_zone_id": "use1-az4",
            "cidr_block": "10.0.6.0/24",
            "customer_owned_ipv4_pool": "",
            "enable_dns64": false,
            "enable_lni_at_device_index": 0,
            "enable_resource_name_dns_a_record_on_launch": false,
            "enable_resource_name_dns_aaaa_record_on_launch": false,
            "id": "subnet-06a3b221fde4c8cb7",
            "ipv6_cidr_block": "",
            "ipv6_cidr_block_association_id": "",
            "ipv6_native": false,
            "map_customer_owned_ip_on_launch": false,
            "map_public_ip_on_launch": false,
            "outpost_arn": "",
            "owner_id": "989625238085",
            "private_dns_hostname_type_on_launch": "ip-name",
            "tags": {
              "Name": "three-tier-app-private-app-3",
              "Type": "Private-App"
            },
            "tags_all": {
              "Environment": "production",
              "ManagedBy": "Terraform",
              "Name": "three-tier-app-private-app-3",
              "Project": "3tier-webapp",
              "Type": "Private-App"
            },
            "timeouts": null,
            "vpc_id": "vpc-020a4c7bd878fedfd"
          },
          "sensitive_attributes": [],
          "private": "eyJlMmJmYjczMC1lY2FhLTExZTYtOGY4OC0zNDM2M2JjN2M0YzAiOnsiY3JlYXRlIjo2MDAwMDAwMDAwMDAsImRlbGV0ZSI6MTIwMDAwMDAwMDAwMH0sInNjaGVtYV92ZXJzaW9uIjoiMSJ9",
          "dependencies": [
            "module.vpc.aws_vpc.main"
          ]
        }
      ]
    },
    {
      "module": "module.vpc",
      "mode": "managed",
      "type": "aws_subnet",
      "name": "private_db",
      "provider": "provider[\"registry.terraform.io/hashicorp/aws\"]",
      "instances": [
        {
          "index_key": 0,
          "schema_version": 1,
          "attributes": {
            "arn": "arn:aws:ec2:us-east-1:989625238085:subnet/subnet-00bafa0ba3689649b",
            "assign_ipv6_address_on_creation": false,
            "availability_zone": "us-east-1a",
            "availability_zone_id": "use1-az1",
            "cidr_block": "10.0.7.0/24",
            "customer_owned_ipv4_pool": "",
            "enable_dns64": false,
            "enable_lni_at_device_index": 0,
            "enable_resource_name_dns_a_record_on_launch": false,
            "enable_resource_name_dns_aaaa_record_on_launch": false,
            "id": "subnet-00bafa0ba3689649b",
            "ipv6_cidr_block": "",
            "ipv6_cidr_block_association_id": "",
            "ipv6_native": false,
            "map_customer_owned_ip_on_launch": false,
            "map_public_ip_on_launch": false,
            "outpost_arn": "",
            "owner_id": "989625238085",
            "private_dns_hostname_type_on_launch": "ip-name",
            "tags": {
              "Name": "three-tier-app-private-db-1",
              "Type": "Private-DB"
            },
            "tags_all": {
              "Environment": "production",
              "ManagedBy": "Terraform",
              "Name": "three-tier-app-private-db-1",
              "Project": "3tier-webapp",
              "Type": "Private-DB"
            },
            "timeouts": null,
            "vpc_id": "vpc-020a4c7bd878fedfd"
          },
          "sensitive_attributes": [],
          "private": "eyJlMmJmYjczMC1lY2FhLTExZTYtOGY4OC0zNDM2M2JjN2M0YzAiOnsiY3JlYXRlIjo2MDAwMDAwMDAwMDAsImRlbGV0ZSI6MTIwMDAwMDAwMDAwMH0sInNjaGVtYV92ZXJzaW9uIjoiMSJ9",
          "dependencies": [
            "module.vpc.aws_vpc.main"
          ],
          "create_before_destroy": true
        },
        {
          "index_key": 1,
          "schema_version": 1,
          "attributes": {
            "arn": "arn:aws:ec2:us-east-1:989625238085:subnet/subnet-07380be73d7f84255",
            "assign_ipv6_address_on_creation": false,
            "availability_zone": "us-east-1b",
            "availability_zone_id": "use1-az2",
            "cidr_block": "10.0.8.0/24",
            "customer_owned_ipv4_pool": "",
            "enable_dns64": false,
            "enable_lni_at_device_index": 0,
            "enable_resource_name_dns_a_record_on_launch": false,
            "enable_resource_name_dns_aaaa_record_on_launch": false,
            "id": "subnet-07380be73d7f84255",
            "ipv6_cidr_block": "",
            "ipv6_cidr_block_association_id": "",
            "ipv6_native": false,
            "map_customer_owned_ip_on_launch": false,
            "map_public_ip_on_launch": false,
            "outpost_arn": "",
            "owner_id": "989625238085",
            "private_dns_hostname_type_on_launch": "ip-name",
            "tags": {
              "Name": "three-tier-app-private-db-2",
              "Type": "Private-DB"
            },
            "tags_all": {
              "Environment": "production",
              "ManagedBy": "Terraform",
              "Name": "three-tier-app-private-db-2",
              "Project": "3tier-webapp",
              "Type": "Private-DB"
            },
            "timeouts": null,
            "vpc_id": "vpc-020a4c7bd878fedfd"
          },
          "sensitive_attributes": [],
          "private": "eyJlMmJmYjczMC1lY2FhLTExZTYtOGY4OC0zNDM2M2JjN2M0YzAiOnsiY3JlYXRlIjo2MDAwMDAwMDAwMDAsImRlbGV0ZSI6MTIwMDAwMDAwMDAwMH0sInNjaGVtYV92ZXJzaW9uIjoiMSJ9",
          "dependencies": [
            "module.vpc.aws_vpc.main"
          ],
          "create_before_destroy": true
        },
        {
          "index_key": 2,
          "schema_version": 1,
          "attributes": {
            "arn": "arn:aws:ec2:us-east-1:989625238085:subnet/subnet-01453e33273f17e52",
            "assign_ipv6_address_on_creation": false,
            "availability_zone": "us-east-1c",
            "availability_zone_id": "use1-az4",
            "cidr_block": "10.0.9.0/24",
            "customer_owned_ipv4_pool": "",
            "enable_dns64": false,
            "enable_lni_at_device_index": 0,
            "enable_resource_name_dns_a_record_on_launch": false,
            "enable_resource_name_dns_aaaa_record_on_launch": false,
            "id": "subnet-01453e33273f17e52",
            "ipv6_cidr_block": "",
            "ipv6_cidr_block_association_id": "",
            "ipv6_native": false,
            "map_customer_owned_ip_on_launch": false,
            "map_public_ip_on_launch": false,
            "outpost_arn": "",
            "owner_id": "989625238085",
            "private_dns_hostname_type_on_launch": "ip-name",
            "tags": {
              "Name": "three-tier-app-private-db-3",
              "Type": "Private-DB"
            },
            "tags_all": {
              "Environment": "production",
              "ManagedBy": "Terraform",
              "Name": "three-tier-app-private-db-3",
              "Project": "3tier-webapp",
              "Type": "Private-DB"
            },
            "timeouts": null,
            "vpc_id": "vpc-020a4c7bd878fedfd"
          },
          "sensitive_attributes": [],
          "private": "eyJlMmJmYjczMC1lY2FhLTExZTYtOGY4OC0zNDM2M2JjN2M0YzAiOnsiY3JlYXRlIjo2MDAwMDAwMDAwMDAsImRlbGV0ZSI6MTIwMDAwMDAwMDAwMH0sInNjaGVtYV92ZXJzaW9uIjoiMSJ9",
          "dependencies": [
            "module.vpc.aws_vpc.main"
          ],
          "create_before_destroy": true
        }
      ]
    },
    {
      "module": "module.vpc",
      "mode": "managed",
      "type": "aws_subnet",
      "name": "public",
      "provider": "provider[\"registry.terraform.io/hashicorp/aws\"]",
      "instances": [
        {
          "index_key": 0,
          "schema_version": 1,
          "attributes": {
            "arn": "arn:aws:ec2:us-east-1:989625238085:subnet/subnet-0c9916da3918383ab",
            "assign_ipv6_address_on_creation": false,
            "availability_zone": "us-east-1a",
            "availability_zone_id": "use1-az1",
            "cidr_block": "10.0.1.0/24",
            "customer_owned_ipv4_pool": "",
            "enable_dns64": false,
            "enable_lni_at_device_index": 0,
            "enable_resource_name_dns_a_record_on_launch": false,
            "enable_resource_name_dns_aaaa_record_on_launch": false,
            "id": "subnet-0c9916da3918383ab",
            "ipv6_cidr_block": "",
            "ipv6_cidr_block_association_id": "",
            "ipv6_native": false,
            "map_customer_owned_ip_on_launch": false,
            "map_public_ip_on_launch": true,
            "outpost_arn": "",
            "owner_id": "989625238085",
            "private_dns_hostname_type_on_launch": "ip-name",
            "tags": {
              "Name": "three-tier-app-public-1",
              "Type": "Public"
            },
            "tags_all": {
              "Environment": "production",
              "ManagedBy": "Terraform",
              "Name": "three-tier-app-public-1",
              "Project": "3tier-webapp",
              "Type": "Public"
            },
            "timeouts": null,
            "vpc_id": "vpc-020a4c7bd878fedfd"
          },
          "sensitive_attributes": [],
          "private": "eyJlMmJmYjczMC1lY2FhLTExZTYtOGY4OC0zNDM2M2JjN2M0YzAiOnsiY3JlYXRlIjo2MDAwMDAwMDAwMDAsImRlbGV0ZSI6MTIwMDAwMDAwMDAwMH0sInNjaGVtYV92ZXJzaW9uIjoiMSJ9",
          "dependencies": [
            "module.vpc.aws_vpc.main"
          ]
        },
        {
          "index_key": 1,
          "schema_version": 1,
          "attributes": {
            "arn": "arn:aws:ec2:us-east-1:989625238085:subnet/subnet-07c3af5afe75e5fcb",
            "assign_ipv6_address_on_creation": false,
            "availability_zone": "us-east-1b",
            "availability_zone_id": "use1-az2",
            "cidr_block": "10.0.2.0/24",
            "customer_owned_ipv4_pool": "",
            "enable_dns64": false,
            "enable_lni_at_device_index": 0,
            "enable_resource_name_dns_a_record_on_launch": false,
            "enable_resource_name_dns_aaaa_record_on_launch": false,
            "id": "subnet-07c3af5afe75e5fcb",
            "ipv6_cidr_block": "",
            "ipv6_cidr_block_association_id": "",
            "ipv6_native": false,
            "map_customer_owned_ip_on_launch": false,
            "map_public_ip_on_launch": true,
            "outpost_arn": "",
            "owner_id": "989625238085",
            "private_dns_hostname_type_on_launch": "ip-name",
            "tags": {
              "Name": "three-tier-app-public-2",
              "Type": "Public"
            },
            "tags_all": {
              "Environment": "production",
              "ManagedBy": "Terraform",
              "Name": "three-tier-app-public-2",
              "Project": "3tier-webapp",
              "Type": "Public"
            },
            "timeouts": null,
            "vpc_id": "vpc-020a4c7bd878fedfd"
          },
          "sensitive_attributes": [],
          "private": "eyJlMmJmYjczMC1lY2FhLTExZTYtOGY4OC0zNDM2M2JjN2M0YzAiOnsiY3JlYXRlIjo2MDAwMDAwMDAwMDAsImRlbGV0ZSI6MTIwMDAwMDAwMDAwMH0sInNjaGVtYV92ZXJzaW9uIjoiMSJ9",
          "dependencies": [
            "module.vpc.aws_vpc.main"
          ]
        },
        {
          "index_key": 2,
          "schema_version": 1,
          "attributes": {
            "arn": "arn:aws:ec2:us-east-1:989625238085:subnet/subnet-0b63e65bf6e3e0b91",
            "assign_ipv6_address_on_creation": false,
            "availability_zone": "us-east-1c",
            "availability_zone_id": "use1-az4",
            "cidr_block": "10.0.3.0/24",
            "customer_owned_ipv4_pool": "",
            "enable_dns64": false,
            "enable_lni_at_device_index": 0,
            "enable_resource_name_dns_a_record_on_launch": false,
            "enable_resource_name_dns_aaaa_record_on_launch": false,
            "id": "subnet-0b63e65bf6e3e0b91",
            "ipv6_cidr_block": "",
            "ipv6_cidr_block_association_id": "",
            "ipv6_native": false,
            "map_customer_owned_ip_on_launch": false,
            "map_public_ip_on_launch": true,
            "outpost_arn": "",
            "owner_id": "989625238085",
            "private_dns_hostname_type_on_launch": "ip-name",
            "tags": {
              "Name": "three-tier-app-public-3",
              "Type": "Public"
            },
            "tags_all": {
              "Environment": "production",
              "ManagedBy": "Terraform",
              "Name": "three-tier-app-public-3",
              "Project": "3tier-webapp",
              "Type": "Public"
            },
            "timeouts": null,
            "vpc_id": "vpc-020a4c7bd878fedfd"
          },
          "sensitive_attributes": [],
          "private": "eyJlMmJmYjczMC1lY2FhLTExZTYtOGY4OC0zNDM2M2JjN2M0YzAiOnsiY3JlYXRlIjo2MDAwMDAwMDAwMDAsImRlbGV0ZSI6MTIwMDAwMDAwMDAwMH0sInNjaGVtYV92ZXJzaW9uIjoiMSJ9",
          "dependencies": [
            "module.vpc.aws_vpc.main"
          ]
        }
      ]
    },
    {
      "module": "module.vpc",
      "mode": "managed",
      "type": "aws_vpc",
      "name": "main",
      "provider": "provider[\"registry.terraform.io/hashicorp/aws\"]",
      "instances": [
        {
          "schema_version": 1,
          "attributes": {
            "arn": "arn:aws:ec2:us-east-1:989625238085:vpc/vpc-020a4c7bd878fedfd",
            "assign_generated_ipv6_cidr_block": false,
            "cidr_block": "10.0.0.0/16",
            "default_network_acl_id": "acl-0cfedc398910f0491",
            "default_route_table_id": "rtb-0171db52432076e49",
            "default_security_group_id": "sg-038d9c9800d3d3c9e",
            "dhcp_options_id": "dopt-02e603274dd698d01",
            "enable_dns_hostnames": true,
            "enable_dns_support": true,
            "enable_network_address_usage_metrics": false,
            "id": "vpc-020a4c7bd878fedfd",
            "instance_tenancy": "default",
            "ipv4_ipam_pool_id": null,
            "ipv4_netmask_length": null,
            "ipv6_association_id": "",
            "ipv6_cidr_block": "",
            "ipv6_cidr_block_network_border_group": "",
            "ipv6_ipam_pool_id": "",
            "ipv6_netmask_length": 0,
            "main_route_table_id": "rtb-0171db52432076e49",
            "owner_id": "989625238085",
            "tags": {
              "Name": "three-tier-app-vpc"
            },
            "tags_all": {
              "Environment": "production",
              "ManagedBy": "Terraform",
              "Name": "three-tier-app-vpc",
              "Project": "3tier-webapp"
            }
          },
          "sensitive_attributes": [],
          "private": "eyJzY2hlbWFfdmVyc2lvbiI6IjEifQ==",
          "create_before_destroy": true
        }
      ]
    }
  ],
  "check_results": null
}
